
Microsoft Visual Studio Solution File, Format Version 12.00
# Visual Studio 2013
VisualStudioVersion = 12.0.21005.1
MinimumVisualStudioVersion = 10.0.40219.1
Project("{FAE04EC0-301F-11D3-BF4B-00C04F79EFBC}") = "MedinetBusinessEntries", "MedinetBusinessEntries\MedinetBusinessEntries.csproj", "{8E745DE2-AEE1-473B-BE70-64AA46E55218}"
EndProject
Project("{FAE04EC0-301F-11D3-BF4B-00C04F79EFBC}") = "PharmaSearchEngineBusinessEntries", "PharmaSearchEngineBusinessEntries\PharmaSearchEngineBusinessEntries.csproj", "{2292D07D-90E5-446B-AEE6-465D30EF1BD7}"
EndProject
Project("{FAE04EC0-301F-11D3-BF4B-00C04F79EFBC}") = "PLMUserBusinessEntries", "PLMUserBusinessEntries\PLMUserBusinessEntries.csproj", "{B1D62B8F-B4C9-479C-B80C-92D0D78CA685}"
EndProject
Project("{FAE04EC0-301F-11D3-BF4B-00C04F79EFBC}") = "SyncDatabaseBusinessEntries", "SyncDatabaseBusinessEntries\SyncDatabaseBusinessEntries.csproj", "{C81D7DCB-AB22-4499-B73A-82A309C7AE31}"
EndProject
Project("{FAE04EC0-301F-11D3-BF4B-00C04F79EFBC}") = "PLMClientsBusinessEntities", "PLMClientsBusinessEntities\PLMClientsBusinessEntities.csproj", "{16C5D035-D5BE-4273-A5C9-67B206DDC340}"
EndProject
Project("{FAE04EC0-301F-11D3-BF4B-00C04F79EFBC}") = "GuiaBusinessEntries", "GuiaBusinessEntries\GuiaBusinessEntries.csproj", "{7EE008D9-4359-40CB-860C-53DC5B05BCEF}"
EndProject
Project("{FAE04EC0-301F-11D3-BF4B-00C04F79EFBC}") = "PSELogsBusinessEntities", "PSELogsBusinessEntities\PSELogsBusinessEntities.csproj", "{990E400C-E76D-4E6F-8680-B46F6789CF88}"
EndProject
Project("{FAE04EC0-301F-11D3-BF4B-00C04F79EFBC}") = "PLMExceptionsBusinessEntities", "PLMExceptionsBusinessEntities\PLMExceptionsBusinessEntities.csproj", "{6646780D-940E-4609-9A0E-17D4B6BD1099}"
EndProject
Project("{FAE04EC0-301F-11D3-BF4B-00C04F79EFBC}") = "PEVBusinessEntries", "PEVBusinessEntries\PEVBusinessEntries.csproj", "{4A5F5E13-58A0-45FD-8DC4-7B78C07E81A6}"
EndProject
Project("{FAE04EC0-301F-11D3-BF4B-00C04F79EFBC}") = "DEIABusinessEntries", "DEIABusinessEntries\DEIABusinessEntries.csproj", "{DECCA24D-4783-43E2-AD3F-90C63172EA57}"
EndProject
Project("{FAE04EC0-301F-11D3-BF4B-00C04F79EFBC}") = "DEACIBusinessEntries", "DEACIBusinessEntries\DEACIBusinessEntries.csproj", "{8B691A87-BD34-4E84-933B-C46FBDBDD793}"
EndProject
Project("{FAE04EC0-301F-11D3-BF4B-00C04F79EFBC}") = "DEAQBusinessEntries", "DEAQBusinessEntries\DEAQBusinessEntries.csproj", "{7C264170-F942-45EC-8D3E-6C467715D525}"
EndProject
Project("{FAE04EC0-301F-11D3-BF4B-00C04F79EFBC}") = "InfoLogsBusinessEntries", "InfoLogsBusinessEntries\InfoLogsBusinessEntries.csproj", "{A4CDFC26-D41E-4855-9323-C0200EE8AC64}"
EndProject
Project("{FAE04EC0-301F-11D3-BF4B-00C04F79EFBC}") = "HarvardContentBusinessEntries", "HarvardContentBusinessEntries\HarvardContentBusinessEntries.csproj", "{AFF6868A-2E72-465F-BAEE-E02719084377}"
EndProject
Project("{FAE04EC0-301F-11D3-BF4B-00C04F79EFBC}") = "PLMLogsBusinessEntries", "PLMLogsBusinessEntries\PLMLogsBusinessEntries.csproj", "{25794679-88A3-4B3F-AC2A-5FC59820E618}"
EndProject
Project("{FAE04EC0-301F-11D3-BF4B-00C04F79EFBC}") = "AgroBussinessEntries", "AgroBussinessEntries\AgroBussinessEntries.csproj", "{98F5392B-9971-4F4F-93A4-430992788ADE}"
EndProject
Project("{FAE04EC0-301F-11D3-BF4B-00C04F79EFBC}") = "VetBusinessEntries", "VETBussinessEntries\VetBusinessEntries.csproj", "{78CD817C-8AA1-4BC7-813E-903EDB92B59C}"
EndProject
Project("{FAE04EC0-301F-11D3-BF4B-00C04F79EFBC}") = "EncyclopediasBussinesEntries", "EncyclopediasBussinesEntries\EncyclopediasBussinesEntries.csproj", "{D631DE12-D0C0-40FF-91CB-DDB87778ECCA}"
EndProject
Global
	GlobalSection(SolutionConfigurationPlatforms) = preSolution
		Debug|Any CPU = Debug|Any CPU
		Debug|Mixed Platforms = Debug|Mixed Platforms
		Debug|x86 = Debug|x86
		Release|Any CPU = Release|Any CPU
		Release|Mixed Platforms = Release|Mixed Platforms
		Release|x86 = Release|x86
	EndGlobalSection
	GlobalSection(ProjectConfigurationPlatforms) = postSolution
		{8E745DE2-AEE1-473B-BE70-64AA46E55218}.Debug|Any CPU.ActiveCfg = Debug|Any CPU
		{8E745DE2-AEE1-473B-BE70-64AA46E55218}.Debug|Any CPU.Build.0 = Debug|Any CPU
		{8E745DE2-AEE1-473B-BE70-64AA46E55218}.Debug|Mixed Platforms.ActiveCfg = Debug|Any CPU
		{8E745DE2-AEE1-473B-BE70-64AA46E55218}.Debug|Mixed Platforms.Build.0 = Debug|Any CPU
		{8E745DE2-AEE1-473B-BE70-64AA46E55218}.Debug|x86.ActiveCfg = Debug|Any CPU
		{8E745DE2-AEE1-473B-BE70-64AA46E55218}.Release|Any CPU.ActiveCfg = Release|Any CPU
		{8E745DE2-AEE1-473B-BE70-64AA46E55218}.Release|Any CPU.Build.0 = Release|Any CPU
		{8E745DE2-AEE1-473B-BE70-64AA46E55218}.Release|Mixed Platforms.ActiveCfg = Release|Any CPU
		{8E745DE2-AEE1-473B-BE70-64AA46E55218}.Release|Mixed Platforms.Build.0 = Release|Any CPU
		{8E745DE2-AEE1-473B-BE70-64AA46E55218}.Release|x86.ActiveCfg = Release|Any CPU
		{2292D07D-90E5-446B-AEE6-465D30EF1BD7}.Debug|Any CPU.ActiveCfg = Debug|Any CPU
		{2292D07D-90E5-446B-AEE6-465D30EF1BD7}.Debug|Any CPU.Build.0 = Debug|Any CPU
		{2292D07D-90E5-446B-AEE6-465D30EF1BD7}.Debug|Mixed Platforms.ActiveCfg = Debug|Any CPU
		{2292D07D-90E5-446B-AEE6-465D30EF1BD7}.Debug|Mixed Platforms.Build.0 = Debug|Any CPU
		{2292D07D-90E5-446B-AEE6-465D30EF1BD7}.Debug|x86.ActiveCfg = Debug|Any CPU
		{2292D07D-90E5-446B-AEE6-465D30EF1BD7}.Release|Any CPU.ActiveCfg = Release|Any CPU
		{2292D07D-90E5-446B-AEE6-465D30EF1BD7}.Release|Any CPU.Build.0 = Release|Any CPU
		{2292D07D-90E5-446B-AEE6-465D30EF1BD7}.Release|Mixed Platforms.ActiveCfg = Release|Any CPU
		{2292D07D-90E5-446B-AEE6-465D30EF1BD7}.Release|Mixed Platforms.Build.0 = Release|Any CPU
		{2292D07D-90E5-446B-AEE6-465D30EF1BD7}.Release|x86.ActiveCfg = Release|Any CPU
		{B1D62B8F-B4C9-479C-B80C-92D0D78CA685}.Debug|Any CPU.ActiveCfg = Debug|Any CPU
		{B1D62B8F-B4C9-479C-B80C-92D0D78CA685}.Debug|Any CPU.Build.0 = Debug|Any CPU
		{B1D62B8F-B4C9-479C-B80C-92D0D78CA685}.Debug|Mixed Platforms.ActiveCfg = Debug|Any CPU
		{B1D62B8F-B4C9-479C-B80C-92D0D78CA685}.Debug|Mixed Platforms.Build.0 = Debug|Any CPU
		{B1D62B8F-B4C9-479C-B80C-92D0D78CA685}.Debug|x86.ActiveCfg = Debug|Any CPU
		{B1D62B8F-B4C9-479C-B80C-92D0D78CA685}.Release|Any CPU.ActiveCfg = Release|Any CPU
		{B1D62B8F-B4C9-479C-B80C-92D0D78CA685}.Release|Any CPU.Build.0 = Release|Any CPU
		{B1D62B8F-B4C9-479C-B80C-92D0D78CA685}.Release|Mixed Platforms.ActiveCfg = Release|Any CPU
		{B1D62B8F-B4C9-479C-B80C-92D0D78CA685}.Release|Mixed Platforms.Build.0 = Release|Any CPU
		{B1D62B8F-B4C9-479C-B80C-92D0D78CA685}.Release|x86.ActiveCfg = Release|Any CPU
		{C81D7DCB-AB22-4499-B73A-82A309C7AE31}.Debug|Any CPU.ActiveCfg = Debug|Any CPU
		{C81D7DCB-AB22-4499-B73A-82A309C7AE31}.Debug|Any CPU.Build.0 = Debug|Any CPU
		{C81D7DCB-AB22-4499-B73A-82A309C7AE31}.Debug|Mixed Platforms.ActiveCfg = Debug|Any CPU
		{C81D7DCB-AB22-4499-B73A-82A309C7AE31}.Debug|Mixed Platforms.Build.0 = Debug|Any CPU
		{C81D7DCB-AB22-4499-B73A-82A309C7AE31}.Debug|x86.ActiveCfg = Debug|Any CPU
		{C81D7DCB-AB22-4499-B73A-82A309C7AE31}.Release|Any CPU.ActiveCfg = Release|Any CPU
		{C81D7DCB-AB22-4499-B73A-82A309C7AE31}.Release|Any CPU.Build.0 = Release|Any CPU
		{C81D7DCB-AB22-4499-B73A-82A309C7AE31}.Release|Mixed Platforms.ActiveCfg = Release|Any CPU
		{C81D7DCB-AB22-4499-B73A-82A309C7AE31}.Release|Mixed Platforms.Build.0 = Release|Any CPU
		{C81D7DCB-AB22-4499-B73A-82A309C7AE31}.Release|x86.ActiveCfg = Release|Any CPU
		{16C5D035-D5BE-4273-A5C9-67B206DDC340}.Debug|Any CPU.ActiveCfg = Debug|Any CPU
		{16C5D035-D5BE-4273-A5C9-67B206DDC340}.Debug|Any CPU.Build.0 = Debug|Any CPU
		{16C5D035-D5BE-4273-A5C9-67B206DDC340}.Debug|Mixed Platforms.ActiveCfg = Debug|Any CPU
		{16C5D035-D5BE-4273-A5C9-67B206DDC340}.Debug|Mixed Platforms.Build.0 = Debug|Any CPU
		{16C5D035-D5BE-4273-A5C9-67B206DDC340}.Debug|x86.ActiveCfg = Debug|Any CPU
		{16C5D035-D5BE-4273-A5C9-67B206DDC340}.Release|Any CPU.ActiveCfg = Release|Any CPU
		{16C5D035-D5BE-4273-A5C9-67B206DDC340}.Release|Any CPU.Build.0 = Release|Any CPU
		{16C5D035-D5BE-4273-A5C9-67B206DDC340}.Release|Mixed Platforms.ActiveCfg = Release|Any CPU
		{16C5D035-D5BE-4273-A5C9-67B206DDC340}.Release|Mixed Platforms.Build.0 = Release|Any CPU
		{16C5D035-D5BE-4273-A5C9-67B206DDC340}.Release|x86.ActiveCfg = Release|Any CPU
		{7EE008D9-4359-40CB-860C-53DC5B05BCEF}.Debug|Any CPU.ActiveCfg = Debug|Any CPU
		{7EE008D9-4359-40CB-860C-53DC5B05BCEF}.Debug|Any CPU.Build.0 = Debug|Any CPU
		{7EE008D9-4359-40CB-860C-53DC5B05BCEF}.Debug|Mixed Platforms.ActiveCfg = Debug|Any CPU
		{7EE008D9-4359-40CB-860C-53DC5B05BCEF}.Debug|Mixed Platforms.Build.0 = Debug|Any CPU
		{7EE008D9-4359-40CB-860C-53DC5B05BCEF}.Debug|x86.ActiveCfg = Debug|Any CPU
		{7EE008D9-4359-40CB-860C-53DC5B05BCEF}.Release|Any CPU.ActiveCfg = Release|Any CPU
		{7EE008D9-4359-40CB-860C-53DC5B05BCEF}.Release|Any CPU.Build.0 = Release|Any CPU
		{7EE008D9-4359-40CB-860C-53DC5B05BCEF}.Release|Mixed Platforms.ActiveCfg = Release|Any CPU
		{7EE008D9-4359-40CB-860C-53DC5B05BCEF}.Release|Mixed Platforms.Build.0 = Release|Any CPU
		{7EE008D9-4359-40CB-860C-53DC5B05BCEF}.Release|x86.ActiveCfg = Release|Any CPU
		{990E400C-E76D-4E6F-8680-B46F6789CF88}.Debug|Any CPU.ActiveCfg = Debug|Any CPU
		{990E400C-E76D-4E6F-8680-B46F6789CF88}.Debug|Any CPU.Build.0 = Debug|Any CPU
		{990E400C-E76D-4E6F-8680-B46F6789CF88}.Debug|Mixed Platforms.ActiveCfg = Debug|Any CPU
		{990E400C-E76D-4E6F-8680-B46F6789CF88}.Debug|Mixed Platforms.Build.0 = Debug|Any CPU
		{990E400C-E76D-4E6F-8680-B46F6789CF88}.Debug|x86.ActiveCfg = Debug|Any CPU
		{990E400C-E76D-4E6F-8680-B46F6789CF88}.Release|Any CPU.ActiveCfg = Release|Any CPU
		{990E400C-E76D-4E6F-8680-B46F6789CF88}.Release|Any CPU.Build.0 = Release|Any CPU
		{990E400C-E76D-4E6F-8680-B46F6789CF88}.Release|Mixed Platforms.ActiveCfg = Release|Any CPU
		{990E400C-E76D-4E6F-8680-B46F6789CF88}.Release|Mixed Platforms.Build.0 = Release|Any CPU
		{990E400C-E76D-4E6F-8680-B46F6789CF88}.Release|x86.ActiveCfg = Release|Any CPU
		{6646780D-940E-4609-9A0E-17D4B6BD1099}.Debug|Any CPU.ActiveCfg = Debug|Any CPU
		{6646780D-940E-4609-9A0E-17D4B6BD1099}.Debug|Any CPU.Build.0 = Debug|Any CPU
		{6646780D-940E-4609-9A0E-17D4B6BD1099}.Debug|Mixed Platforms.ActiveCfg = Debug|Any CPU
		{6646780D-940E-4609-9A0E-17D4B6BD1099}.Debug|Mixed Platforms.Build.0 = Debug|Any CPU
		{6646780D-940E-4609-9A0E-17D4B6BD1099}.Debug|x86.ActiveCfg = Debug|Any CPU
		{6646780D-940E-4609-9A0E-17D4B6BD1099}.Release|Any CPU.ActiveCfg = Release|Any CPU
		{6646780D-940E-4609-9A0E-17D4B6BD1099}.Release|Any CPU.Build.0 = Release|Any CPU
		{6646780D-940E-4609-9A0E-17D4B6BD1099}.Release|Mixed Platforms.ActiveCfg = Release|Any CPU
		{6646780D-940E-4609-9A0E-17D4B6BD1099}.Release|Mixed Platforms.Build.0 = Release|Any CPU
		{6646780D-940E-4609-9A0E-17D4B6BD1099}.Release|x86.ActiveCfg = Release|Any CPU
		{4A5F5E13-58A0-45FD-8DC4-7B78C07E81A6}.Debug|Any CPU.ActiveCfg = Debug|Any CPU
		{4A5F5E13-58A0-45FD-8DC4-7B78C07E81A6}.Debug|Any CPU.Build.0 = Debug|Any CPU
		{4A5F5E13-58A0-45FD-8DC4-7B78C07E81A6}.Debug|Mixed Platforms.ActiveCfg = Debug|Any CPU
		{4A5F5E13-58A0-45FD-8DC4-7B78C07E81A6}.Debug|Mixed Platforms.Build.0 = Debug|Any CPU
		{4A5F5E13-58A0-45FD-8DC4-7B78C07E81A6}.Debug|x86.ActiveCfg = Debug|Any CPU
		{4A5F5E13-58A0-45FD-8DC4-7B78C07E81A6}.Release|Any CPU.ActiveCfg = Release|Any CPU
		{4A5F5E13-58A0-45FD-8DC4-7B78C07E81A6}.Release|Any CPU.Build.0 = Release|Any CPU
		{4A5F5E13-58A0-45FD-8DC4-7B78C07E81A6}.Release|Mixed Platforms.ActiveCfg = Release|Any CPU
		{4A5F5E13-58A0-45FD-8DC4-7B78C07E81A6}.Release|Mixed Platforms.Build.0 = Release|Any CPU
		{4A5F5E13-58A0-45FD-8DC4-7B78C07E81A6}.Release|x86.ActiveCfg = Release|Any CPU
		{DECCA24D-4783-43E2-AD3F-90C63172EA57}.Debug|Any CPU.ActiveCfg = Debug|Any CPU
		{DECCA24D-4783-43E2-AD3F-90C63172EA57}.Debug|Any CPU.Build.0 = Debug|Any CPU
		{DECCA24D-4783-43E2-AD3F-90C63172EA57}.Debug|Mixed Platforms.ActiveCfg = Debug|Any CPU
		{DECCA24D-4783-43E2-AD3F-90C63172EA57}.Debug|Mixed Platforms.Build.0 = Debug|Any CPU
		{DECCA24D-4783-43E2-AD3F-90C63172EA57}.Debug|x86.ActiveCfg = Debug|Any CPU
		{DECCA24D-4783-43E2-AD3F-90C63172EA57}.Release|Any CPU.ActiveCfg = Release|Any CPU
		{DECCA24D-4783-43E2-AD3F-90C63172EA57}.Release|Any CPU.Build.0 = Release|Any CPU
		{DECCA24D-4783-43E2-AD3F-90C63172EA57}.Release|Mixed Platforms.ActiveCfg = Release|Any CPU
		{DECCA24D-4783-43E2-AD3F-90C63172EA57}.Release|Mixed Platforms.Build.0 = Release|Any CPU
		{DECCA24D-4783-43E2-AD3F-90C63172EA57}.Release|x86.ActiveCfg = Release|Any CPU
		{8B691A87-BD34-4E84-933B-C46FBDBDD793}.Debug|Any CPU.ActiveCfg = Debug|Any CPU
		{8B691A87-BD34-4E84-933B-C46FBDBDD793}.Debug|Any CPU.Build.0 = Debug|Any CPU
		{8B691A87-BD34-4E84-933B-C46FBDBDD793}.Debug|Mixed Platforms.ActiveCfg = Debug|Any CPU
		{8B691A87-BD34-4E84-933B-C46FBDBDD793}.Debug|Mixed Platforms.Build.0 = Debug|Any CPU
		{8B691A87-BD34-4E84-933B-C46FBDBDD793}.Debug|x86.ActiveCfg = Debug|Any CPU
		{8B691A87-BD34-4E84-933B-C46FBDBDD793}.Release|Any CPU.ActiveCfg = Release|Any CPU
		{8B691A87-BD34-4E84-933B-C46FBDBDD793}.Release|Any CPU.Build.0 = Release|Any CPU
		{8B691A87-BD34-4E84-933B-C46FBDBDD793}.Release|Mixed Platforms.ActiveCfg = Release|Any CPU
		{8B691A87-BD34-4E84-933B-C46FBDBDD793}.Release|Mixed Platforms.Build.0 = Release|Any CPU
		{8B691A87-BD34-4E84-933B-C46FBDBDD793}.Release|x86.ActiveCfg = Release|Any CPU
		{7C264170-F942-45EC-8D3E-6C467715D525}.Debug|Any CPU.ActiveCfg = Debug|Any CPU
		{7C264170-F942-45EC-8D3E-6C467715D525}.Debug|Any CPU.Build.0 = Debug|Any CPU
		{7C264170-F942-45EC-8D3E-6C467715D525}.Debug|Mixed Platforms.ActiveCfg = Debug|Any CPU
		{7C264170-F942-45EC-8D3E-6C467715D525}.Debug|Mixed Platforms.Build.0 = Debug|Any CPU
		{7C264170-F942-45EC-8D3E-6C467715D525}.Debug|x86.ActiveCfg = Debug|Any CPU
		{7C264170-F942-45EC-8D3E-6C467715D525}.Release|Any CPU.ActiveCfg = Release|Any CPU
		{7C264170-F942-45EC-8D3E-6C467715D525}.Release|Any CPU.Build.0 = Release|Any CPU
		{7C264170-F942-45EC-8D3E-6C467715D525}.Release|Mixed Platforms.ActiveCfg = Release|Any CPU
		{7C264170-F942-45EC-8D3E-6C467715D525}.Release|Mixed Platforms.Build.0 = Release|Any CPU
		{7C264170-F942-45EC-8D3E-6C467715D525}.Release|x86.ActiveCfg = Release|Any CPU
		{A4CDFC26-D41E-4855-9323-C0200EE8AC64}.Debug|Any CPU.ActiveCfg = Debug|Any CPU
		{A4CDFC26-D41E-4855-9323-C0200EE8AC64}.Debug|Any CPU.Build.0 = Debug|Any CPU
		{A4CDFC26-D41E-4855-9323-C0200EE8AC64}.Debug|Mixed Platforms.ActiveCfg = Debug|Any CPU
		{A4CDFC26-D41E-4855-9323-C0200EE8AC64}.Debug|Mixed Platforms.Build.0 = Debug|Any CPU
		{A4CDFC26-D41E-4855-9323-C0200EE8AC64}.Debug|x86.ActiveCfg = Debug|Any CPU
		{A4CDFC26-D41E-4855-9323-C0200EE8AC64}.Release|Any CPU.ActiveCfg = Release|Any CPU
		{A4CDFC26-D41E-4855-9323-C0200EE8AC64}.Release|Any CPU.Build.0 = Release|Any CPU
		{A4CDFC26-D41E-4855-9323-C0200EE8AC64}.Release|Mixed Platforms.ActiveCfg = Release|Any CPU
		{A4CDFC26-D41E-4855-9323-C0200EE8AC64}.Release|Mixed Platforms.Build.0 = Release|Any CPU
		{A4CDFC26-D41E-4855-9323-C0200EE8AC64}.Release|x86.ActiveCfg = Release|Any CPU
		{AFF6868A-2E72-465F-BAEE-E02719084377}.Debug|Any CPU.ActiveCfg = Debug|Any CPU
		{AFF6868A-2E72-465F-BAEE-E02719084377}.Debug|Any CPU.Build.0 = Debug|Any CPU
		{AFF6868A-2E72-465F-BAEE-E02719084377}.Debug|Mixed Platforms.ActiveCfg = Debug|Any CPU
		{AFF6868A-2E72-465F-BAEE-E02719084377}.Debug|Mixed Platforms.Build.0 = Debug|Any CPU
		{AFF6868A-2E72-465F-BAEE-E02719084377}.Debug|x86.ActiveCfg = Debug|Any CPU
		{AFF6868A-2E72-465F-BAEE-E02719084377}.Release|Any CPU.ActiveCfg = Release|Any CPU
		{AFF6868A-2E72-465F-BAEE-E02719084377}.Release|Any CPU.Build.0 = Release|Any CPU
		{AFF6868A-2E72-465F-BAEE-E02719084377}.Release|Mixed Platforms.ActiveCfg = Release|Any CPU
		{AFF6868A-2E72-465F-BAEE-E02719084377}.Release|Mixed Platforms.Build.0 = Release|Any CPU
		{AFF6868A-2E72-465F-BAEE-E02719084377}.Release|x86.ActiveCfg = Release|Any CPU
		{25794679-88A3-4B3F-AC2A-5FC59820E618}.Debug|Any CPU.ActiveCfg = Debug|Any CPU
		{25794679-88A3-4B3F-AC2A-5FC59820E618}.Debug|Any CPU.Build.0 = Debug|Any CPU
		{25794679-88A3-4B3F-AC2A-5FC59820E618}.Debug|Mixed Platforms.ActiveCfg = Debug|Any CPU
		{25794679-88A3-4B3F-AC2A-5FC59820E618}.Debug|Mixed Platforms.Build.0 = Debug|Any CPU
		{25794679-88A3-4B3F-AC2A-5FC59820E618}.Debug|x86.ActiveCfg = Debug|Any CPU
		{25794679-88A3-4B3F-AC2A-5FC59820E618}.Release|Any CPU.ActiveCfg = Release|Any CPU
		{25794679-88A3-4B3F-AC2A-5FC59820E618}.Release|Any CPU.Build.0 = Release|Any CPU
		{25794679-88A3-4B3F-AC2A-5FC59820E618}.Release|Mixed Platforms.ActiveCfg = Release|Any CPU
		{25794679-88A3-4B3F-AC2A-5FC59820E618}.Release|Mixed Platforms.Build.0 = Release|Any CPU
		{25794679-88A3-4B3F-AC2A-5FC59820E618}.Release|x86.ActiveCfg = Release|Any CPU
		{98F5392B-9971-4F4F-93A4-430992788ADE}.Debug|Any CPU.ActiveCfg = Debug|Any CPU
		{98F5392B-9971-4F4F-93A4-430992788ADE}.Debug|Any CPU.Build.0 = Debug|Any CPU
		{98F5392B-9971-4F4F-93A4-430992788ADE}.Debug|Mixed Platforms.ActiveCfg = Debug|Any CPU
		{98F5392B-9971-4F4F-93A4-430992788ADE}.Debug|Mixed Platforms.Build.0 = Debug|Any CPU
		{98F5392B-9971-4F4F-93A4-430992788ADE}.Debug|x86.ActiveCfg = Debug|Any CPU
		{98F5392B-9971-4F4F-93A4-430992788ADE}.Release|Any CPU.ActiveCfg = Release|Any CPU
		{98F5392B-9971-4F4F-93A4-430992788ADE}.Release|Any CPU.Build.0 = Release|Any CPU
		{98F5392B-9971-4F4F-93A4-430992788ADE}.Release|Mixed Platforms.ActiveCfg = Release|Any CPU
		{98F5392B-9971-4F4F-93A4-430992788ADE}.Release|Mixed Platforms.Build.0 = Release|Any CPU
		{98F5392B-9971-4F4F-93A4-430992788ADE}.Release|x86.ActiveCfg = Release|Any CPU
		{78CD817C-8AA1-4BC7-813E-903EDB92B59C}.Debug|Any CPU.ActiveCfg = Debug|x86
		{78CD817C-8AA1-4BC7-813E-903EDB92B59C}.Debug|Mixed Platforms.ActiveCfg = Debug|x86
		{78CD817C-8AA1-4BC7-813E-903EDB92B59C}.Debug|Mixed Platforms.Build.0 = Debug|x86
		{78CD817C-8AA1-4BC7-813E-903EDB92B59C}.Debug|x86.ActiveCfg = Debug|x86
		{78CD817C-8AA1-4BC7-813E-903EDB92B59C}.Debug|x86.Build.0 = Debug|x86
		{78CD817C-8AA1-4BC7-813E-903EDB92B59C}.Release|Any CPU.ActiveCfg = Release|x86
		{78CD817C-8AA1-4BC7-813E-903EDB92B59C}.Release|Mixed Platforms.ActiveCfg = Release|x86
		{78CD817C-8AA1-4BC7-813E-903EDB92B59C}.Release|Mixed Platforms.Build.0 = Release|x86
		{78CD817C-8AA1-4BC7-813E-903EDB92B59C}.Release|x86.ActiveCfg = Release|x86
		{78CD817C-8AA1-4BC7-813E-903EDB92B59C}.Release|x86.Build.0 = Release|x86
		{D631DE12-D0C0-40FF-91CB-DDB87778ECCA}.Debug|Any CPU.ActiveCfg = Debug|Any CPU
		{D631DE12-D0C0-40FF-91CB-DDB87778ECCA}.Debug|Any CPU.Build.0 = Debug|Any CPU
		{D631DE12-D0C0-40FF-91CB-DDB87778ECCA}.Debug|Mixed Platforms.ActiveCfg = Debug|Any CPU
		{D631DE12-D0C0-40FF-91CB-DDB87778ECCA}.Debug|Mixed Platforms.Build.0 = Debug|Any CPU
		{D631DE12-D0C0-40FF-91CB-DDB87778ECCA}.Debug|x86.ActiveCfg = Debug|Any CPU
		{D631DE12-D0C0-40FF-91CB-DDB87778ECCA}.Release|Any CPU.ActiveCfg = Release|Any CPU
		{D631DE12-D0C0-40FF-91CB-DDB87778ECCA}.Release|Any CPU.Build.0 = Release|Any CPU
		{D631DE12-D0C0-40FF-91CB-DDB87778ECCA}.Release|Mixed Platforms.ActiveCfg = Release|Any CPU
		{D631DE12-D0C0-40FF-91CB-DDB87778ECCA}.Release|Mixed Platforms.Build.0 = Release|Any CPU
		{D631DE12-D0C0-40FF-91CB-DDB87778ECCA}.Release|x86.ActiveCfg = Release|Any CPU
	EndGlobalSection
	GlobalSection(SolutionProperties) = preSolution
		HideSolutionNode = FALSE
	EndGlobalSection
EndGlobal
