
Microsoft Visual Studio Solution File, Format Version 11.00
# Visual Studio 2010
Project("{FAE04EC0-301F-11D3-BF4B-00C04F79EFBC}") = "CreateHTML", "CreateHTML\CreateHTML.csproj", "{92F70E1F-0DAC-4329-B8BA-75331CCF2266}"
EndProject
Project("{FAE04EC0-301F-11D3-BF4B-00C04F79EFBC}") = "ExportXML", "ExportXML\ExportXML.csproj", "{CE9C9B6D-3A26-440A-BF65-8482507BF27C}"
EndProject
Project("{FAE04EC0-301F-11D3-BF4B-00C04F79EFBC}") = "InsertHTMLContentByAttribute", "InsertHTMLContentByAttribute\InsertHTMLContentByAttribute.csproj", "{709280AA-DC10-400C-9CF0-50AA73D110EF}"
EndProject
Project("{FAE04EC0-301F-11D3-BF4B-00C04F79EFBC}") = "XMLInsertRubros", "XMLInsertRubros\XMLInsertRubros.csproj", "{AEAE73BB-30DB-46E9-BA43-754EA0312DDD}"
EndProject
Project("{FAE04EC0-301F-11D3-BF4B-00C04F79EFBC}") = "ExportHTML", "ExportHTML\ExportHTML.csproj", "{5BF9D88C-1462-48FB-996C-CBE0DCD02ECA}"
EndProject
Global
	GlobalSection(SourceCodeControl) = preSolution
		SccNumberOfProjects = 6
		SccLocalPath0 = .
		SccProjectUniqueName1 = CreateHTML\\CreateHTML.csproj
		SccProjectName1 = \u0022$/ContentApplications/CreateHTML\u0022,\u0020DAAAAAAA
		SccLocalPath1 = CreateHTML
		SccProjectUniqueName2 = ExportXML\\ExportXML.csproj
		SccProjectName2 = \u0022$/ContentApplications/ExportXML\u0022,\u0020YAAAAAAA
		SccLocalPath2 = ExportXML
		SccProjectUniqueName3 = InsertHTMLContentByAttribute\\InsertHTMLContentByAttribute.csproj
		SccProjectName3 = \u0022$/ContentApplications/InsertHTMLContentByAttribute\u0022,\u0020PBAAAAAA
		SccLocalPath3 = InsertHTMLContentByAttribute
		SccProjectUniqueName4 = XMLInsertRubros\\XMLInsertRubros.csproj
		SccProjectName4 = \u0022$/ContentApplications/XMLInsertRubros\u0022,\u0020QCAAAAAA
		SccLocalPath4 = XMLInsertRubros
		SccProjectUniqueName5 = ExportHTML\\ExportHTML.csproj
		SccLocalPath5 = .
		SccProjectFilePathRelativizedFromConnection5 = ExportHTML\\
	EndGlobalSection
	GlobalSection(SolutionConfigurationPlatforms) = preSolution
		Debug|Any CPU = Debug|Any CPU
		Release|Any CPU = Release|Any CPU
	EndGlobalSection
	GlobalSection(ProjectConfigurationPlatforms) = postSolution
		{92F70E1F-0DAC-4329-B8BA-75331CCF2266}.Debug|Any CPU.ActiveCfg = Debug|Any CPU
		{92F70E1F-0DAC-4329-B8BA-75331CCF2266}.Debug|Any CPU.Build.0 = Debug|Any CPU
		{92F70E1F-0DAC-4329-B8BA-75331CCF2266}.Release|Any CPU.ActiveCfg = Release|Any CPU
		{92F70E1F-0DAC-4329-B8BA-75331CCF2266}.Release|Any CPU.Build.0 = Release|Any CPU
		{CE9C9B6D-3A26-440A-BF65-8482507BF27C}.Debug|Any CPU.ActiveCfg = Debug|Any CPU
		{CE9C9B6D-3A26-440A-BF65-8482507BF27C}.Debug|Any CPU.Build.0 = Debug|Any CPU
		{CE9C9B6D-3A26-440A-BF65-8482507BF27C}.Release|Any CPU.ActiveCfg = Release|Any CPU
		{CE9C9B6D-3A26-440A-BF65-8482507BF27C}.Release|Any CPU.Build.0 = Release|Any CPU
		{709280AA-DC10-400C-9CF0-50AA73D110EF}.Debug|Any CPU.ActiveCfg = Debug|Any CPU
		{709280AA-DC10-400C-9CF0-50AA73D110EF}.Debug|Any CPU.Build.0 = Debug|Any CPU
		{709280AA-DC10-400C-9CF0-50AA73D110EF}.Release|Any CPU.ActiveCfg = Release|Any CPU
		{709280AA-DC10-400C-9CF0-50AA73D110EF}.Release|Any CPU.Build.0 = Release|Any CPU
		{AEAE73BB-30DB-46E9-BA43-754EA0312DDD}.Debug|Any CPU.ActiveCfg = Debug|Any CPU
		{AEAE73BB-30DB-46E9-BA43-754EA0312DDD}.Debug|Any CPU.Build.0 = Debug|Any CPU
		{AEAE73BB-30DB-46E9-BA43-754EA0312DDD}.Release|Any CPU.ActiveCfg = Release|Any CPU
		{AEAE73BB-30DB-46E9-BA43-754EA0312DDD}.Release|Any CPU.Build.0 = Release|Any CPU
		{5BF9D88C-1462-48FB-996C-CBE0DCD02ECA}.Debug|Any CPU.ActiveCfg = Debug|Any CPU
		{5BF9D88C-1462-48FB-996C-CBE0DCD02ECA}.Debug|Any CPU.Build.0 = Debug|Any CPU
		{5BF9D88C-1462-48FB-996C-CBE0DCD02ECA}.Release|Any CPU.ActiveCfg = Release|Any CPU
		{5BF9D88C-1462-48FB-996C-CBE0DCD02ECA}.Release|Any CPU.Build.0 = Release|Any CPU
	EndGlobalSection
	GlobalSection(SolutionProperties) = preSolution
		HideSolutionNode = FALSE
	EndGlobalSection
EndGlobal
