
Microsoft Visual Studio Solution File, Format Version 12.00
# Visual Studio 2013
VisualStudioVersion = 12.0.21005.1
MinimumVisualStudioVersion = 10.0.40219.1
Project("{FAE04EC0-301F-11D3-BF4B-00C04F79EFBC}") = "ExportHTML", "ExportHTML\ExportHTML.csproj", "{5BF9D88C-1462-48FB-996C-CBE0DCD02ECA}"
EndProject
Global
	GlobalSection(SolutionConfigurationPlatforms) = preSolution
		Debug|.NET = Debug|.NET
		Debug|Any CPU = Debug|Any CPU
		Debug|Mixed Platforms = Debug|Mixed Platforms
		Release|.NET = Release|.NET
		Release|Any CPU = Release|Any CPU
		Release|Mixed Platforms = Release|Mixed Platforms
	EndGlobalSection
	GlobalSection(ProjectConfigurationPlatforms) = postSolution
		{5BF9D88C-1462-48FB-996C-CBE0DCD02ECA}.Debug|.NET.ActiveCfg = Debug|Any CPU
		{5BF9D88C-1462-48FB-996C-CBE0DCD02ECA}.Debug|Any CPU.ActiveCfg = Debug|Any CPU
		{5BF9D88C-1462-48FB-996C-CBE0DCD02ECA}.Debug|Any CPU.Build.0 = Debug|Any CPU
		{5BF9D88C-1462-48FB-996C-CBE0DCD02ECA}.Debug|Mixed Platforms.ActiveCfg = Debug|Any CPU
		{5BF9D88C-1462-48FB-996C-CBE0DCD02ECA}.Debug|Mixed Platforms.Build.0 = Debug|Any CPU
		{5BF9D88C-1462-48FB-996C-CBE0DCD02ECA}.Release|.NET.ActiveCfg = Release|Any CPU
		{5BF9D88C-1462-48FB-996C-CBE0DCD02ECA}.Release|Any CPU.ActiveCfg = Release|Any CPU
		{5BF9D88C-1462-48FB-996C-CBE0DCD02ECA}.Release|Any CPU.Build.0 = Release|Any CPU
		{5BF9D88C-1462-48FB-996C-CBE0DCD02ECA}.Release|Mixed Platforms.ActiveCfg = Release|Any CPU
		{5BF9D88C-1462-48FB-996C-CBE0DCD02ECA}.Release|Mixed Platforms.Build.0 = Release|Any CPU
	EndGlobalSection
	GlobalSection(SolutionProperties) = preSolution
		HideSolutionNode = FALSE
	EndGlobalSection
EndGlobal
