
Microsoft Visual Studio Solution File, Format Version 12.00
# Visual Studio 2013
VisualStudioVersion = 12.0.21005.1
MinimumVisualStudioVersion = 10.0.40219.1
Project("{FAE04EC0-301F-11D3-BF4B-00C04F79EFBC}") = "PharmaSearchEngineDataAccessComponent", "PharmaSearchEngineDataAccessComponent\PharmaSearchEngineDataAccessComponent.csproj", "{40A5EDFD-963D-4291-86B2-EF96167B9A9D}"
EndProject
Project("{FAE04EC0-301F-11D3-BF4B-00C04F79EFBC}") = "MedinetDataAccessComponent", "MedinetDataAccessComponent\MedinetDataAccessComponent.csproj", "{9BF3077C-3DF8-40F8-AC63-067FDEA30F8C}"
EndProject
Project("{FAE04EC0-301F-11D3-BF4B-00C04F79EFBC}") = "PLMUsersDataAccessComponent", "PLMUsersDataAccessComponent\PLMUsersDataAccessComponent.csproj", "{B0D25CC0-0FC0-4004-808D-75140BC80FD0}"
EndProject
Project("{FAE04EC0-301F-11D3-BF4B-00C04F79EFBC}") = "CE_PharmaSearchEngineDataAccessComponent", "CE_PharmaSearchEngineDataAccessComponent\CE_PharmaSearchEngineDataAccessComponent.csproj", "{6E376A6D-2F8A-472E-BFAE-8A8CD2E8AD17}"
EndProject
Project("{FAE04EC0-301F-11D3-BF4B-00C04F79EFBC}") = "SyncDatabasesDataAccessComponent", "SyncDatabasesDataAccessComponent\SyncDatabasesDataAccessComponent.csproj", "{C6392BA2-CA33-4744-A6E9-9D25BB4F2266}"
EndProject
Project("{FAE04EC0-301F-11D3-BF4B-00C04F79EFBC}") = "CE_SyncDatabasesDataAccessComponent", "CE_SyncDatabasesDataAccessComponent\CE_SyncDatabasesDataAccessComponent.csproj", "{A9E02370-A902-4946-9FE2-AC78E2A61A58}"
EndProject
Project("{FAE04EC0-301F-11D3-BF4B-00C04F79EFBC}") = "SyncDatabaseFactory", "SyncDatabaseFactory\SyncDatabaseFactory.csproj", "{39659B95-AF5D-4843-8B01-FA5BD56075B3}"
EndProject
Project("{FAE04EC0-301F-11D3-BF4B-00C04F79EFBC}") = "GuiaDataAccessComponent", "GuiaDataAccessComponent\GuiaDataAccessComponent.csproj", "{29C83CAE-999B-42FB-815D-89BAEA41DB98}"
EndProject
Project("{FAE04EC0-301F-11D3-BF4B-00C04F79EFBC}") = "PSELogsDataAccessComponent", "PSELogsDataAccessComponent\PSELogsDataAccessComponent.csproj", "{8C86DBA1-C25B-4B74-844D-80047BA1A116}"
EndProject
Project("{FAE04EC0-301F-11D3-BF4B-00C04F79EFBC}") = "CE_PSELogsDataAccessComponent", "CE_PSELogsDataAccessComponent\CE_PSELogsDataAccessComponent.csproj", "{09423E7F-E776-44F9-AEA1-541E385D203B}"
EndProject
Project("{FAE04EC0-301F-11D3-BF4B-00C04F79EFBC}") = "PLMClientsDataAccessComponent", "PLMClientsDataAccessComponent\PLMClientsDataAccessComponent.csproj", "{1B6E51B9-F691-4A38-BFB3-5251A6B442F6}"
EndProject
Project("{FAE04EC0-301F-11D3-BF4B-00C04F79EFBC}") = "PLMInfoDataAccessComponent", "PLMInfoDataAccessComponent\PLMInfoDataAccessComponent.csproj", "{00A697B5-02A6-42C3-BA95-DCF8076D0393}"
EndProject
Project("{FAE04EC0-301F-11D3-BF4B-00C04F79EFBC}") = "OSMobilesDataAccessComponent", "OSMobilesDataAccessComponent\OSMobilesDataAccessComponent.csproj", "{CF8C3D49-D0C3-4279-B31A-3E0B9F7E78F9}"
EndProject
Project("{FAE04EC0-301F-11D3-BF4B-00C04F79EFBC}") = "PEVDataAccessComponent", "PEVDataAccessComponent\PEVDataAccessComponent.csproj", "{F655B720-4C1A-4346-B1FB-50B3CA9E530A}"
EndProject
Project("{FAE04EC0-301F-11D3-BF4B-00C04F79EFBC}") = "DEIADataAccessComponent", "DEIADataAccessComponent\DEIADataAccessComponent.csproj", "{6D11F1A8-C0EB-47B8-9737-B0DB828D0801}"
EndProject
Project("{FAE04EC0-301F-11D3-BF4B-00C04F79EFBC}") = "DEACIDataAccessComponent", "DEACIDataAccessComponent\DEACIDataAccessComponent.csproj", "{4F6D1179-31EC-4C08-AD37-C93542ABE7D0}"
EndProject
Project("{FAE04EC0-301F-11D3-BF4B-00C04F79EFBC}") = "DEAQDataAccessComponent", "DEAQDataAccessComponent\DEAQDataAccessComponent.csproj", "{E28C2F6A-9FC6-4A7F-9C66-8C02682E322B}"
EndProject
Project("{FAE04EC0-301F-11D3-BF4B-00C04F79EFBC}") = "InfoLogsDataAccessComponent", "InfoLogsDataAccessComponent\InfoLogsDataAccessComponent.csproj", "{14B78311-23E2-4406-A96A-B09009ED625E}"
EndProject
Project("{FAE04EC0-301F-11D3-BF4B-00C04F79EFBC}") = "AgroDataAccessComponent", "AgroDataAccessComponent\AgroDataAccessComponent.csproj", "{983BCE2B-8689-4EB4-9F2A-D4A074C4880D}"
EndProject
Project("{FAE04EC0-301F-11D3-BF4B-00C04F79EFBC}") = "PLMLogsDataAccessComponent", "PLMLogsDataAccessComponent\PLMLogsDataAccessComponent.csproj", "{26EEE821-9EBC-4C6C-89F5-A7C0649D7160}"
EndProject
Project("{FAE04EC0-301F-11D3-BF4B-00C04F79EFBC}") = "VetDataAccessComponent", "VetDataAccessComponent\VetDataAccessComponent.csproj", "{4FC59508-2488-452D-9AD8-FD5C64B6BEA2}"
EndProject
Project("{FAE04EC0-301F-11D3-BF4B-00C04F79EFBC}") = "EncyclopediasDataAccessComponent", "EncyclopediasDataAccessComponent\EncyclopediasDataAccessComponent.csproj", "{BAF2E885-9936-4CA8-A90E-DB02DC4FE3DA}"
EndProject
Global
	GlobalSection(SolutionConfigurationPlatforms) = preSolution
		Debug|Any CPU = Debug|Any CPU
		Debug|Mixed Platforms = Debug|Mixed Platforms
		Debug|x86 = Debug|x86
		Release|Any CPU = Release|Any CPU
		Release|Mixed Platforms = Release|Mixed Platforms
		Release|x86 = Release|x86
	EndGlobalSection
	GlobalSection(ProjectConfigurationPlatforms) = postSolution
		{40A5EDFD-963D-4291-86B2-EF96167B9A9D}.Debug|Any CPU.ActiveCfg = Debug|Any CPU
		{40A5EDFD-963D-4291-86B2-EF96167B9A9D}.Debug|Any CPU.Build.0 = Debug|Any CPU
		{40A5EDFD-963D-4291-86B2-EF96167B9A9D}.Debug|Mixed Platforms.ActiveCfg = Debug|Any CPU
		{40A5EDFD-963D-4291-86B2-EF96167B9A9D}.Debug|Mixed Platforms.Build.0 = Debug|Any CPU
		{40A5EDFD-963D-4291-86B2-EF96167B9A9D}.Debug|x86.ActiveCfg = Debug|Any CPU
		{40A5EDFD-963D-4291-86B2-EF96167B9A9D}.Release|Any CPU.ActiveCfg = Release|Any CPU
		{40A5EDFD-963D-4291-86B2-EF96167B9A9D}.Release|Any CPU.Build.0 = Release|Any CPU
		{40A5EDFD-963D-4291-86B2-EF96167B9A9D}.Release|Mixed Platforms.ActiveCfg = Release|Any CPU
		{40A5EDFD-963D-4291-86B2-EF96167B9A9D}.Release|Mixed Platforms.Build.0 = Release|Any CPU
		{40A5EDFD-963D-4291-86B2-EF96167B9A9D}.Release|x86.ActiveCfg = Release|Any CPU
		{9BF3077C-3DF8-40F8-AC63-067FDEA30F8C}.Debug|Any CPU.ActiveCfg = Debug|Any CPU
		{9BF3077C-3DF8-40F8-AC63-067FDEA30F8C}.Debug|Any CPU.Build.0 = Debug|Any CPU
		{9BF3077C-3DF8-40F8-AC63-067FDEA30F8C}.Debug|Mixed Platforms.ActiveCfg = Debug|Any CPU
		{9BF3077C-3DF8-40F8-AC63-067FDEA30F8C}.Debug|Mixed Platforms.Build.0 = Debug|Any CPU
		{9BF3077C-3DF8-40F8-AC63-067FDEA30F8C}.Debug|x86.ActiveCfg = Debug|Any CPU
		{9BF3077C-3DF8-40F8-AC63-067FDEA30F8C}.Release|Any CPU.ActiveCfg = Release|Any CPU
		{9BF3077C-3DF8-40F8-AC63-067FDEA30F8C}.Release|Any CPU.Build.0 = Release|Any CPU
		{9BF3077C-3DF8-40F8-AC63-067FDEA30F8C}.Release|Mixed Platforms.ActiveCfg = Release|Any CPU
		{9BF3077C-3DF8-40F8-AC63-067FDEA30F8C}.Release|Mixed Platforms.Build.0 = Release|Any CPU
		{9BF3077C-3DF8-40F8-AC63-067FDEA30F8C}.Release|x86.ActiveCfg = Release|Any CPU
		{B0D25CC0-0FC0-4004-808D-75140BC80FD0}.Debug|Any CPU.ActiveCfg = Debug|Any CPU
		{B0D25CC0-0FC0-4004-808D-75140BC80FD0}.Debug|Any CPU.Build.0 = Debug|Any CPU
		{B0D25CC0-0FC0-4004-808D-75140BC80FD0}.Debug|Mixed Platforms.ActiveCfg = Debug|Any CPU
		{B0D25CC0-0FC0-4004-808D-75140BC80FD0}.Debug|Mixed Platforms.Build.0 = Debug|Any CPU
		{B0D25CC0-0FC0-4004-808D-75140BC80FD0}.Debug|x86.ActiveCfg = Debug|Any CPU
		{B0D25CC0-0FC0-4004-808D-75140BC80FD0}.Release|Any CPU.ActiveCfg = Release|Any CPU
		{B0D25CC0-0FC0-4004-808D-75140BC80FD0}.Release|Any CPU.Build.0 = Release|Any CPU
		{B0D25CC0-0FC0-4004-808D-75140BC80FD0}.Release|Mixed Platforms.ActiveCfg = Release|Any CPU
		{B0D25CC0-0FC0-4004-808D-75140BC80FD0}.Release|Mixed Platforms.Build.0 = Release|Any CPU
		{B0D25CC0-0FC0-4004-808D-75140BC80FD0}.Release|x86.ActiveCfg = Release|Any CPU
		{6E376A6D-2F8A-472E-BFAE-8A8CD2E8AD17}.Debug|Any CPU.ActiveCfg = Debug|Any CPU
		{6E376A6D-2F8A-472E-BFAE-8A8CD2E8AD17}.Debug|Any CPU.Build.0 = Debug|Any CPU
		{6E376A6D-2F8A-472E-BFAE-8A8CD2E8AD17}.Debug|Mixed Platforms.ActiveCfg = Debug|Any CPU
		{6E376A6D-2F8A-472E-BFAE-8A8CD2E8AD17}.Debug|Mixed Platforms.Build.0 = Debug|Any CPU
		{6E376A6D-2F8A-472E-BFAE-8A8CD2E8AD17}.Debug|x86.ActiveCfg = Debug|Any CPU
		{6E376A6D-2F8A-472E-BFAE-8A8CD2E8AD17}.Release|Any CPU.ActiveCfg = Release|Any CPU
		{6E376A6D-2F8A-472E-BFAE-8A8CD2E8AD17}.Release|Any CPU.Build.0 = Release|Any CPU
		{6E376A6D-2F8A-472E-BFAE-8A8CD2E8AD17}.Release|Mixed Platforms.ActiveCfg = Release|Any CPU
		{6E376A6D-2F8A-472E-BFAE-8A8CD2E8AD17}.Release|Mixed Platforms.Build.0 = Release|Any CPU
		{6E376A6D-2F8A-472E-BFAE-8A8CD2E8AD17}.Release|x86.ActiveCfg = Release|Any CPU
		{C6392BA2-CA33-4744-A6E9-9D25BB4F2266}.Debug|Any CPU.ActiveCfg = Debug|Any CPU
		{C6392BA2-CA33-4744-A6E9-9D25BB4F2266}.Debug|Any CPU.Build.0 = Debug|Any CPU
		{C6392BA2-CA33-4744-A6E9-9D25BB4F2266}.Debug|Mixed Platforms.ActiveCfg = Debug|Any CPU
		{C6392BA2-CA33-4744-A6E9-9D25BB4F2266}.Debug|Mixed Platforms.Build.0 = Debug|Any CPU
		{C6392BA2-CA33-4744-A6E9-9D25BB4F2266}.Debug|x86.ActiveCfg = Debug|Any CPU
		{C6392BA2-CA33-4744-A6E9-9D25BB4F2266}.Release|Any CPU.ActiveCfg = Release|Any CPU
		{C6392BA2-CA33-4744-A6E9-9D25BB4F2266}.Release|Any CPU.Build.0 = Release|Any CPU
		{C6392BA2-CA33-4744-A6E9-9D25BB4F2266}.Release|Mixed Platforms.ActiveCfg = Release|Any CPU
		{C6392BA2-CA33-4744-A6E9-9D25BB4F2266}.Release|Mixed Platforms.Build.0 = Release|Any CPU
		{C6392BA2-CA33-4744-A6E9-9D25BB4F2266}.Release|x86.ActiveCfg = Release|Any CPU
		{A9E02370-A902-4946-9FE2-AC78E2A61A58}.Debug|Any CPU.ActiveCfg = Debug|Any CPU
		{A9E02370-A902-4946-9FE2-AC78E2A61A58}.Debug|Any CPU.Build.0 = Debug|Any CPU
		{A9E02370-A902-4946-9FE2-AC78E2A61A58}.Debug|Mixed Platforms.ActiveCfg = Debug|Any CPU
		{A9E02370-A902-4946-9FE2-AC78E2A61A58}.Debug|Mixed Platforms.Build.0 = Debug|Any CPU
		{A9E02370-A902-4946-9FE2-AC78E2A61A58}.Debug|x86.ActiveCfg = Debug|Any CPU
		{A9E02370-A902-4946-9FE2-AC78E2A61A58}.Release|Any CPU.ActiveCfg = Release|Any CPU
		{A9E02370-A902-4946-9FE2-AC78E2A61A58}.Release|Any CPU.Build.0 = Release|Any CPU
		{A9E02370-A902-4946-9FE2-AC78E2A61A58}.Release|Mixed Platforms.ActiveCfg = Release|Any CPU
		{A9E02370-A902-4946-9FE2-AC78E2A61A58}.Release|Mixed Platforms.Build.0 = Release|Any CPU
		{A9E02370-A902-4946-9FE2-AC78E2A61A58}.Release|x86.ActiveCfg = Release|Any CPU
		{39659B95-AF5D-4843-8B01-FA5BD56075B3}.Debug|Any CPU.ActiveCfg = Debug|Any CPU
		{39659B95-AF5D-4843-8B01-FA5BD56075B3}.Debug|Any CPU.Build.0 = Debug|Any CPU
		{39659B95-AF5D-4843-8B01-FA5BD56075B3}.Debug|Mixed Platforms.ActiveCfg = Debug|Any CPU
		{39659B95-AF5D-4843-8B01-FA5BD56075B3}.Debug|Mixed Platforms.Build.0 = Debug|Any CPU
		{39659B95-AF5D-4843-8B01-FA5BD56075B3}.Debug|x86.ActiveCfg = Debug|Any CPU
		{39659B95-AF5D-4843-8B01-FA5BD56075B3}.Release|Any CPU.ActiveCfg = Release|Any CPU
		{39659B95-AF5D-4843-8B01-FA5BD56075B3}.Release|Any CPU.Build.0 = Release|Any CPU
		{39659B95-AF5D-4843-8B01-FA5BD56075B3}.Release|Mixed Platforms.ActiveCfg = Release|Any CPU
		{39659B95-AF5D-4843-8B01-FA5BD56075B3}.Release|Mixed Platforms.Build.0 = Release|Any CPU
		{39659B95-AF5D-4843-8B01-FA5BD56075B3}.Release|x86.ActiveCfg = Release|Any CPU
		{29C83CAE-999B-42FB-815D-89BAEA41DB98}.Debug|Any CPU.ActiveCfg = Debug|Any CPU
		{29C83CAE-999B-42FB-815D-89BAEA41DB98}.Debug|Any CPU.Build.0 = Debug|Any CPU
		{29C83CAE-999B-42FB-815D-89BAEA41DB98}.Debug|Mixed Platforms.ActiveCfg = Debug|Any CPU
		{29C83CAE-999B-42FB-815D-89BAEA41DB98}.Debug|Mixed Platforms.Build.0 = Debug|Any CPU
		{29C83CAE-999B-42FB-815D-89BAEA41DB98}.Debug|x86.ActiveCfg = Debug|Any CPU
		{29C83CAE-999B-42FB-815D-89BAEA41DB98}.Release|Any CPU.ActiveCfg = Release|Any CPU
		{29C83CAE-999B-42FB-815D-89BAEA41DB98}.Release|Any CPU.Build.0 = Release|Any CPU
		{29C83CAE-999B-42FB-815D-89BAEA41DB98}.Release|Mixed Platforms.ActiveCfg = Release|Any CPU
		{29C83CAE-999B-42FB-815D-89BAEA41DB98}.Release|Mixed Platforms.Build.0 = Release|Any CPU
		{29C83CAE-999B-42FB-815D-89BAEA41DB98}.Release|x86.ActiveCfg = Release|Any CPU
		{8C86DBA1-C25B-4B74-844D-80047BA1A116}.Debug|Any CPU.ActiveCfg = Debug|Any CPU
		{8C86DBA1-C25B-4B74-844D-80047BA1A116}.Debug|Any CPU.Build.0 = Debug|Any CPU
		{8C86DBA1-C25B-4B74-844D-80047BA1A116}.Debug|Mixed Platforms.ActiveCfg = Debug|Any CPU
		{8C86DBA1-C25B-4B74-844D-80047BA1A116}.Debug|Mixed Platforms.Build.0 = Debug|Any CPU
		{8C86DBA1-C25B-4B74-844D-80047BA1A116}.Debug|x86.ActiveCfg = Debug|Any CPU
		{8C86DBA1-C25B-4B74-844D-80047BA1A116}.Release|Any CPU.ActiveCfg = Release|Any CPU
		{8C86DBA1-C25B-4B74-844D-80047BA1A116}.Release|Any CPU.Build.0 = Release|Any CPU
		{8C86DBA1-C25B-4B74-844D-80047BA1A116}.Release|Mixed Platforms.ActiveCfg = Release|Any CPU
		{8C86DBA1-C25B-4B74-844D-80047BA1A116}.Release|Mixed Platforms.Build.0 = Release|Any CPU
		{8C86DBA1-C25B-4B74-844D-80047BA1A116}.Release|x86.ActiveCfg = Release|Any CPU
		{09423E7F-E776-44F9-AEA1-541E385D203B}.Debug|Any CPU.ActiveCfg = Debug|Any CPU
		{09423E7F-E776-44F9-AEA1-541E385D203B}.Debug|Any CPU.Build.0 = Debug|Any CPU
		{09423E7F-E776-44F9-AEA1-541E385D203B}.Debug|Mixed Platforms.ActiveCfg = Debug|Any CPU
		{09423E7F-E776-44F9-AEA1-541E385D203B}.Debug|Mixed Platforms.Build.0 = Debug|Any CPU
		{09423E7F-E776-44F9-AEA1-541E385D203B}.Debug|x86.ActiveCfg = Debug|Any CPU
		{09423E7F-E776-44F9-AEA1-541E385D203B}.Release|Any CPU.ActiveCfg = Release|Any CPU
		{09423E7F-E776-44F9-AEA1-541E385D203B}.Release|Any CPU.Build.0 = Release|Any CPU
		{09423E7F-E776-44F9-AEA1-541E385D203B}.Release|Mixed Platforms.ActiveCfg = Release|Any CPU
		{09423E7F-E776-44F9-AEA1-541E385D203B}.Release|Mixed Platforms.Build.0 = Release|Any CPU
		{09423E7F-E776-44F9-AEA1-541E385D203B}.Release|x86.ActiveCfg = Release|Any CPU
		{1B6E51B9-F691-4A38-BFB3-5251A6B442F6}.Debug|Any CPU.ActiveCfg = Debug|Any CPU
		{1B6E51B9-F691-4A38-BFB3-5251A6B442F6}.Debug|Any CPU.Build.0 = Debug|Any CPU
		{1B6E51B9-F691-4A38-BFB3-5251A6B442F6}.Debug|Mixed Platforms.ActiveCfg = Debug|Any CPU
		{1B6E51B9-F691-4A38-BFB3-5251A6B442F6}.Debug|Mixed Platforms.Build.0 = Debug|Any CPU
		{1B6E51B9-F691-4A38-BFB3-5251A6B442F6}.Debug|x86.ActiveCfg = Debug|Any CPU
		{1B6E51B9-F691-4A38-BFB3-5251A6B442F6}.Release|Any CPU.ActiveCfg = Release|Any CPU
		{1B6E51B9-F691-4A38-BFB3-5251A6B442F6}.Release|Any CPU.Build.0 = Release|Any CPU
		{1B6E51B9-F691-4A38-BFB3-5251A6B442F6}.Release|Mixed Platforms.ActiveCfg = Release|Any CPU
		{1B6E51B9-F691-4A38-BFB3-5251A6B442F6}.Release|Mixed Platforms.Build.0 = Release|Any CPU
		{1B6E51B9-F691-4A38-BFB3-5251A6B442F6}.Release|x86.ActiveCfg = Release|Any CPU
		{00A697B5-02A6-42C3-BA95-DCF8076D0393}.Debug|Any CPU.ActiveCfg = Debug|Any CPU
		{00A697B5-02A6-42C3-BA95-DCF8076D0393}.Debug|Any CPU.Build.0 = Debug|Any CPU
		{00A697B5-02A6-42C3-BA95-DCF8076D0393}.Debug|Mixed Platforms.ActiveCfg = Debug|Any CPU
		{00A697B5-02A6-42C3-BA95-DCF8076D0393}.Debug|Mixed Platforms.Build.0 = Debug|Any CPU
		{00A697B5-02A6-42C3-BA95-DCF8076D0393}.Debug|x86.ActiveCfg = Debug|Any CPU
		{00A697B5-02A6-42C3-BA95-DCF8076D0393}.Release|Any CPU.ActiveCfg = Release|Any CPU
		{00A697B5-02A6-42C3-BA95-DCF8076D0393}.Release|Any CPU.Build.0 = Release|Any CPU
		{00A697B5-02A6-42C3-BA95-DCF8076D0393}.Release|Mixed Platforms.ActiveCfg = Release|Any CPU
		{00A697B5-02A6-42C3-BA95-DCF8076D0393}.Release|Mixed Platforms.Build.0 = Release|Any CPU
		{00A697B5-02A6-42C3-BA95-DCF8076D0393}.Release|x86.ActiveCfg = Release|Any CPU
		{CF8C3D49-D0C3-4279-B31A-3E0B9F7E78F9}.Debug|Any CPU.ActiveCfg = Debug|Any CPU
		{CF8C3D49-D0C3-4279-B31A-3E0B9F7E78F9}.Debug|Any CPU.Build.0 = Debug|Any CPU
		{CF8C3D49-D0C3-4279-B31A-3E0B9F7E78F9}.Debug|Mixed Platforms.ActiveCfg = Debug|Any CPU
		{CF8C3D49-D0C3-4279-B31A-3E0B9F7E78F9}.Debug|Mixed Platforms.Build.0 = Debug|Any CPU
		{CF8C3D49-D0C3-4279-B31A-3E0B9F7E78F9}.Debug|x86.ActiveCfg = Debug|Any CPU
		{CF8C3D49-D0C3-4279-B31A-3E0B9F7E78F9}.Release|Any CPU.ActiveCfg = Release|Any CPU
		{CF8C3D49-D0C3-4279-B31A-3E0B9F7E78F9}.Release|Any CPU.Build.0 = Release|Any CPU
		{CF8C3D49-D0C3-4279-B31A-3E0B9F7E78F9}.Release|Mixed Platforms.ActiveCfg = Release|Any CPU
		{CF8C3D49-D0C3-4279-B31A-3E0B9F7E78F9}.Release|Mixed Platforms.Build.0 = Release|Any CPU
		{CF8C3D49-D0C3-4279-B31A-3E0B9F7E78F9}.Release|x86.ActiveCfg = Release|Any CPU
		{F655B720-4C1A-4346-B1FB-50B3CA9E530A}.Debug|Any CPU.ActiveCfg = Debug|Any CPU
		{F655B720-4C1A-4346-B1FB-50B3CA9E530A}.Debug|Any CPU.Build.0 = Debug|Any CPU
		{F655B720-4C1A-4346-B1FB-50B3CA9E530A}.Debug|Mixed Platforms.ActiveCfg = Debug|Any CPU
		{F655B720-4C1A-4346-B1FB-50B3CA9E530A}.Debug|Mixed Platforms.Build.0 = Debug|Any CPU
		{F655B720-4C1A-4346-B1FB-50B3CA9E530A}.Debug|x86.ActiveCfg = Debug|Any CPU
		{F655B720-4C1A-4346-B1FB-50B3CA9E530A}.Release|Any CPU.ActiveCfg = Release|Any CPU
		{F655B720-4C1A-4346-B1FB-50B3CA9E530A}.Release|Any CPU.Build.0 = Release|Any CPU
		{F655B720-4C1A-4346-B1FB-50B3CA9E530A}.Release|Mixed Platforms.ActiveCfg = Release|Any CPU
		{F655B720-4C1A-4346-B1FB-50B3CA9E530A}.Release|Mixed Platforms.Build.0 = Release|Any CPU
		{F655B720-4C1A-4346-B1FB-50B3CA9E530A}.Release|x86.ActiveCfg = Release|Any CPU
		{6D11F1A8-C0EB-47B8-9737-B0DB828D0801}.Debug|Any CPU.ActiveCfg = Debug|Any CPU
		{6D11F1A8-C0EB-47B8-9737-B0DB828D0801}.Debug|Any CPU.Build.0 = Debug|Any CPU
		{6D11F1A8-C0EB-47B8-9737-B0DB828D0801}.Debug|Mixed Platforms.ActiveCfg = Debug|Any CPU
		{6D11F1A8-C0EB-47B8-9737-B0DB828D0801}.Debug|Mixed Platforms.Build.0 = Debug|Any CPU
		{6D11F1A8-C0EB-47B8-9737-B0DB828D0801}.Debug|x86.ActiveCfg = Debug|Any CPU
		{6D11F1A8-C0EB-47B8-9737-B0DB828D0801}.Release|Any CPU.ActiveCfg = Release|Any CPU
		{6D11F1A8-C0EB-47B8-9737-B0DB828D0801}.Release|Any CPU.Build.0 = Release|Any CPU
		{6D11F1A8-C0EB-47B8-9737-B0DB828D0801}.Release|Mixed Platforms.ActiveCfg = Release|Any CPU
		{6D11F1A8-C0EB-47B8-9737-B0DB828D0801}.Release|Mixed Platforms.Build.0 = Release|Any CPU
		{6D11F1A8-C0EB-47B8-9737-B0DB828D0801}.Release|x86.ActiveCfg = Release|Any CPU
		{4F6D1179-31EC-4C08-AD37-C93542ABE7D0}.Debug|Any CPU.ActiveCfg = Debug|Any CPU
		{4F6D1179-31EC-4C08-AD37-C93542ABE7D0}.Debug|Any CPU.Build.0 = Debug|Any CPU
		{4F6D1179-31EC-4C08-AD37-C93542ABE7D0}.Debug|Mixed Platforms.ActiveCfg = Debug|Any CPU
		{4F6D1179-31EC-4C08-AD37-C93542ABE7D0}.Debug|Mixed Platforms.Build.0 = Debug|Any CPU
		{4F6D1179-31EC-4C08-AD37-C93542ABE7D0}.Debug|x86.ActiveCfg = Debug|Any CPU
		{4F6D1179-31EC-4C08-AD37-C93542ABE7D0}.Release|Any CPU.ActiveCfg = Release|Any CPU
		{4F6D1179-31EC-4C08-AD37-C93542ABE7D0}.Release|Any CPU.Build.0 = Release|Any CPU
		{4F6D1179-31EC-4C08-AD37-C93542ABE7D0}.Release|Mixed Platforms.ActiveCfg = Release|Any CPU
		{4F6D1179-31EC-4C08-AD37-C93542ABE7D0}.Release|Mixed Platforms.Build.0 = Release|Any CPU
		{4F6D1179-31EC-4C08-AD37-C93542ABE7D0}.Release|x86.ActiveCfg = Release|Any CPU
		{E28C2F6A-9FC6-4A7F-9C66-8C02682E322B}.Debug|Any CPU.ActiveCfg = Debug|Any CPU
		{E28C2F6A-9FC6-4A7F-9C66-8C02682E322B}.Debug|Any CPU.Build.0 = Debug|Any CPU
		{E28C2F6A-9FC6-4A7F-9C66-8C02682E322B}.Debug|Mixed Platforms.ActiveCfg = Debug|Any CPU
		{E28C2F6A-9FC6-4A7F-9C66-8C02682E322B}.Debug|Mixed Platforms.Build.0 = Debug|Any CPU
		{E28C2F6A-9FC6-4A7F-9C66-8C02682E322B}.Debug|x86.ActiveCfg = Debug|Any CPU
		{E28C2F6A-9FC6-4A7F-9C66-8C02682E322B}.Release|Any CPU.ActiveCfg = Release|Any CPU
		{E28C2F6A-9FC6-4A7F-9C66-8C02682E322B}.Release|Any CPU.Build.0 = Release|Any CPU
		{E28C2F6A-9FC6-4A7F-9C66-8C02682E322B}.Release|Mixed Platforms.ActiveCfg = Release|Any CPU
		{E28C2F6A-9FC6-4A7F-9C66-8C02682E322B}.Release|Mixed Platforms.Build.0 = Release|Any CPU
		{E28C2F6A-9FC6-4A7F-9C66-8C02682E322B}.Release|x86.ActiveCfg = Release|Any CPU
		{14B78311-23E2-4406-A96A-B09009ED625E}.Debug|Any CPU.ActiveCfg = Debug|Any CPU
		{14B78311-23E2-4406-A96A-B09009ED625E}.Debug|Any CPU.Build.0 = Debug|Any CPU
		{14B78311-23E2-4406-A96A-B09009ED625E}.Debug|Mixed Platforms.ActiveCfg = Debug|Any CPU
		{14B78311-23E2-4406-A96A-B09009ED625E}.Debug|Mixed Platforms.Build.0 = Debug|Any CPU
		{14B78311-23E2-4406-A96A-B09009ED625E}.Debug|x86.ActiveCfg = Debug|Any CPU
		{14B78311-23E2-4406-A96A-B09009ED625E}.Release|Any CPU.ActiveCfg = Release|Any CPU
		{14B78311-23E2-4406-A96A-B09009ED625E}.Release|Any CPU.Build.0 = Release|Any CPU
		{14B78311-23E2-4406-A96A-B09009ED625E}.Release|Mixed Platforms.ActiveCfg = Release|Any CPU
		{14B78311-23E2-4406-A96A-B09009ED625E}.Release|Mixed Platforms.Build.0 = Release|Any CPU
		{14B78311-23E2-4406-A96A-B09009ED625E}.Release|x86.ActiveCfg = Release|Any CPU
		{983BCE2B-8689-4EB4-9F2A-D4A074C4880D}.Debug|Any CPU.ActiveCfg = Debug|Any CPU
		{983BCE2B-8689-4EB4-9F2A-D4A074C4880D}.Debug|Any CPU.Build.0 = Debug|Any CPU
		{983BCE2B-8689-4EB4-9F2A-D4A074C4880D}.Debug|Mixed Platforms.ActiveCfg = Debug|Any CPU
		{983BCE2B-8689-4EB4-9F2A-D4A074C4880D}.Debug|Mixed Platforms.Build.0 = Debug|Any CPU
		{983BCE2B-8689-4EB4-9F2A-D4A074C4880D}.Debug|x86.ActiveCfg = Debug|Any CPU
		{983BCE2B-8689-4EB4-9F2A-D4A074C4880D}.Release|Any CPU.ActiveCfg = Release|Any CPU
		{983BCE2B-8689-4EB4-9F2A-D4A074C4880D}.Release|Any CPU.Build.0 = Release|Any CPU
		{983BCE2B-8689-4EB4-9F2A-D4A074C4880D}.Release|Mixed Platforms.ActiveCfg = Release|Any CPU
		{983BCE2B-8689-4EB4-9F2A-D4A074C4880D}.Release|Mixed Platforms.Build.0 = Release|Any CPU
		{983BCE2B-8689-4EB4-9F2A-D4A074C4880D}.Release|x86.ActiveCfg = Release|Any CPU
		{26EEE821-9EBC-4C6C-89F5-A7C0649D7160}.Debug|Any CPU.ActiveCfg = Debug|Any CPU
		{26EEE821-9EBC-4C6C-89F5-A7C0649D7160}.Debug|Any CPU.Build.0 = Debug|Any CPU
		{26EEE821-9EBC-4C6C-89F5-A7C0649D7160}.Debug|Mixed Platforms.ActiveCfg = Debug|Any CPU
		{26EEE821-9EBC-4C6C-89F5-A7C0649D7160}.Debug|Mixed Platforms.Build.0 = Debug|Any CPU
		{26EEE821-9EBC-4C6C-89F5-A7C0649D7160}.Debug|x86.ActiveCfg = Debug|Any CPU
		{26EEE821-9EBC-4C6C-89F5-A7C0649D7160}.Release|Any CPU.ActiveCfg = Release|Any CPU
		{26EEE821-9EBC-4C6C-89F5-A7C0649D7160}.Release|Any CPU.Build.0 = Release|Any CPU
		{26EEE821-9EBC-4C6C-89F5-A7C0649D7160}.Release|Mixed Platforms.ActiveCfg = Release|Any CPU
		{26EEE821-9EBC-4C6C-89F5-A7C0649D7160}.Release|Mixed Platforms.Build.0 = Release|Any CPU
		{26EEE821-9EBC-4C6C-89F5-A7C0649D7160}.Release|x86.ActiveCfg = Release|Any CPU
		{4FC59508-2488-452D-9AD8-FD5C64B6BEA2}.Debug|Any CPU.ActiveCfg = Debug|x86
		{4FC59508-2488-452D-9AD8-FD5C64B6BEA2}.Debug|Mixed Platforms.ActiveCfg = Debug|x86
		{4FC59508-2488-452D-9AD8-FD5C64B6BEA2}.Debug|Mixed Platforms.Build.0 = Debug|x86
		{4FC59508-2488-452D-9AD8-FD5C64B6BEA2}.Debug|x86.ActiveCfg = Debug|x86
		{4FC59508-2488-452D-9AD8-FD5C64B6BEA2}.Debug|x86.Build.0 = Debug|x86
		{4FC59508-2488-452D-9AD8-FD5C64B6BEA2}.Release|Any CPU.ActiveCfg = Release|x86
		{4FC59508-2488-452D-9AD8-FD5C64B6BEA2}.Release|Mixed Platforms.ActiveCfg = Release|x86
		{4FC59508-2488-452D-9AD8-FD5C64B6BEA2}.Release|Mixed Platforms.Build.0 = Release|x86
		{4FC59508-2488-452D-9AD8-FD5C64B6BEA2}.Release|x86.ActiveCfg = Release|x86
		{4FC59508-2488-452D-9AD8-FD5C64B6BEA2}.Release|x86.Build.0 = Release|x86
		{BAF2E885-9936-4CA8-A90E-DB02DC4FE3DA}.Debug|Any CPU.ActiveCfg = Debug|Any CPU
		{BAF2E885-9936-4CA8-A90E-DB02DC4FE3DA}.Debug|Any CPU.Build.0 = Debug|Any CPU
		{BAF2E885-9936-4CA8-A90E-DB02DC4FE3DA}.Debug|Mixed Platforms.ActiveCfg = Debug|Any CPU
		{BAF2E885-9936-4CA8-A90E-DB02DC4FE3DA}.Debug|Mixed Platforms.Build.0 = Debug|Any CPU
		{BAF2E885-9936-4CA8-A90E-DB02DC4FE3DA}.Debug|x86.ActiveCfg = Debug|Any CPU
		{BAF2E885-9936-4CA8-A90E-DB02DC4FE3DA}.Release|Any CPU.ActiveCfg = Release|Any CPU
		{BAF2E885-9936-4CA8-A90E-DB02DC4FE3DA}.Release|Any CPU.Build.0 = Release|Any CPU
		{BAF2E885-9936-4CA8-A90E-DB02DC4FE3DA}.Release|Mixed Platforms.ActiveCfg = Release|Any CPU
		{BAF2E885-9936-4CA8-A90E-DB02DC4FE3DA}.Release|Mixed Platforms.Build.0 = Release|Any CPU
		{BAF2E885-9936-4CA8-A90E-DB02DC4FE3DA}.Release|x86.ActiveCfg = Release|Any CPU
	EndGlobalSection
	GlobalSection(SolutionProperties) = preSolution
		HideSolutionNode = FALSE
	EndGlobalSection
EndGlobal
