
Microsoft Visual Studio Solution File, Format Version 12.00
# Visual Studio 2013
VisualStudioVersion = 12.0.21005.1
MinimumVisualStudioVersion = 10.0.40219.1
Project("{E24C65DC-7377-472B-9ABA-BC803B73C61A}") = "DEACI", "DEACI\", "{F1189B4A-A68F-4849-B4BB-78634C9FC49D}"
	ProjectSection(WebsiteProperties) = preProject
		SccProjectName = ""
		SccAuxPath = ""
		SccLocalPath = ""
		SccProvider = ""
		TargetFrameworkMoniker = ".NETFramework,Version%3Dv4.0"
		Debug.AspNetCompiler.VirtualPath = "/DEACI"
		Debug.AspNetCompiler.PhysicalPath = "DEACI\"
		Debug.AspNetCompiler.TargetPath = "PrecompiledWeb\DEACI\"
		Debug.AspNetCompiler.Updateable = "true"
		Debug.AspNetCompiler.ForceOverwrite = "true"
		Debug.AspNetCompiler.FixedNames = "false"
		Debug.AspNetCompiler.Debug = "True"
		Release.AspNetCompiler.VirtualPath = "/DEACI"
		Release.AspNetCompiler.PhysicalPath = "DEACI\"
		Release.AspNetCompiler.TargetPath = "PrecompiledWeb\DEACI\"
		Release.AspNetCompiler.Updateable = "true"
		Release.AspNetCompiler.ForceOverwrite = "true"
		Release.AspNetCompiler.FixedNames = "false"
		Release.AspNetCompiler.Debug = "False"
		VWDPort = "63093"
		SlnRelativePath = "DEACI\"
	EndProjectSection
EndProject
Project("{E24C65DC-7377-472B-9ABA-BC803B73C61A}") = "DEAQ_PERU", "DEAQ_PERU\", "{C1BF84D7-8B8E-40E7-A801-D8E46EC10D75}"
	ProjectSection(WebsiteProperties) = preProject
		SccProjectName = ""
		SccAuxPath = ""
		SccLocalPath = ""
		SccProvider = ""
		TargetFrameworkMoniker = ".NETFramework,Version%3Dv4.0"
		Debug.AspNetCompiler.VirtualPath = "/DEAQ_PERU"
		Debug.AspNetCompiler.PhysicalPath = "DEAQ_PERU\"
		Debug.AspNetCompiler.TargetPath = "PrecompiledWeb\DEAQ_PERU\"
		Debug.AspNetCompiler.Updateable = "true"
		Debug.AspNetCompiler.ForceOverwrite = "true"
		Debug.AspNetCompiler.FixedNames = "false"
		Debug.AspNetCompiler.Debug = "True"
		Release.AspNetCompiler.VirtualPath = "/DEAQ_PERU"
		Release.AspNetCompiler.PhysicalPath = "DEAQ_PERU\"
		Release.AspNetCompiler.TargetPath = "PrecompiledWeb\DEAQ_PERU\"
		Release.AspNetCompiler.Updateable = "true"
		Release.AspNetCompiler.ForceOverwrite = "true"
		Release.AspNetCompiler.FixedNames = "false"
		Release.AspNetCompiler.Debug = "False"
		VWDPort = "63110"
		SlnRelativePath = "DEAQ_PERU\"
	EndProjectSection
EndProject
Project("{E24C65DC-7377-472B-9ABA-BC803B73C61A}") = "DEIA", "DEIA\", "{075118CA-369C-416F-866E-5BDE1E92537D}"
	ProjectSection(WebsiteProperties) = preProject
		SccProjectName = ""
		SccAuxPath = ""
		SccLocalPath = ""
		SccProvider = ""
		TargetFrameworkMoniker = ".NETFramework,Version%3Dv4.0"
		Debug.AspNetCompiler.VirtualPath = "/DEIA"
		Debug.AspNetCompiler.PhysicalPath = "DEIA\"
		Debug.AspNetCompiler.TargetPath = "PrecompiledWeb\DEIA\"
		Debug.AspNetCompiler.Updateable = "true"
		Debug.AspNetCompiler.ForceOverwrite = "true"
		Debug.AspNetCompiler.FixedNames = "false"
		Debug.AspNetCompiler.Debug = "True"
		Release.AspNetCompiler.VirtualPath = "/DEIA"
		Release.AspNetCompiler.PhysicalPath = "DEIA\"
		Release.AspNetCompiler.TargetPath = "PrecompiledWeb\DEIA\"
		Release.AspNetCompiler.Updateable = "true"
		Release.AspNetCompiler.ForceOverwrite = "true"
		Release.AspNetCompiler.FixedNames = "false"
		Release.AspNetCompiler.Debug = "False"
		VWDPort = "63112"
		SlnRelativePath = "DEIA\"
	EndProjectSection
EndProject
Project("{E24C65DC-7377-472B-9ABA-BC803B73C61A}") = "PEV", "PEV\", "{9857BC61-381C-4401-A9FD-B7A058DED4F2}"
	ProjectSection(WebsiteProperties) = preProject
		SccProjectName = ""
		SccAuxPath = ""
		SccLocalPath = ""
		SccProvider = ""
		TargetFrameworkMoniker = ".NETFramework,Version%3Dv4.0"
		Debug.AspNetCompiler.VirtualPath = "/PEV"
		Debug.AspNetCompiler.PhysicalPath = "PEV\"
		Debug.AspNetCompiler.TargetPath = "PrecompiledWeb\PEV\"
		Debug.AspNetCompiler.Updateable = "true"
		Debug.AspNetCompiler.ForceOverwrite = "true"
		Debug.AspNetCompiler.FixedNames = "false"
		Debug.AspNetCompiler.Debug = "True"
		Release.AspNetCompiler.VirtualPath = "/PEV"
		Release.AspNetCompiler.PhysicalPath = "PEV\"
		Release.AspNetCompiler.TargetPath = "PrecompiledWeb\PEV\"
		Release.AspNetCompiler.Updateable = "true"
		Release.AspNetCompiler.ForceOverwrite = "true"
		Release.AspNetCompiler.FixedNames = "false"
		Release.AspNetCompiler.Debug = "False"
		VWDPort = "63114"
		SlnRelativePath = "PEV\"
	EndProjectSection
EndProject
Project("{E24C65DC-7377-472B-9ABA-BC803B73C61A}") = "GUIA", "GUIA\", "{D6FE1CE8-19C0-459C-9590-D43A51291B26}"
	ProjectSection(WebsiteProperties) = preProject
		SccProjectName = ""
		SccAuxPath = ""
		SccLocalPath = ""
		SccProvider = ""
		TargetFrameworkMoniker = ".NETFramework,Version%3Dv4.0"
		Debug.AspNetCompiler.VirtualPath = "/GUIA"
		Debug.AspNetCompiler.PhysicalPath = "GUIA\"
		Debug.AspNetCompiler.TargetPath = "PrecompiledWeb\GUIA\"
		Debug.AspNetCompiler.Updateable = "true"
		Debug.AspNetCompiler.ForceOverwrite = "true"
		Debug.AspNetCompiler.FixedNames = "false"
		Debug.AspNetCompiler.Debug = "True"
		Release.AspNetCompiler.VirtualPath = "/GUIA"
		Release.AspNetCompiler.PhysicalPath = "GUIA\"
		Release.AspNetCompiler.TargetPath = "PrecompiledWeb\GUIA\"
		Release.AspNetCompiler.Updateable = "true"
		Release.AspNetCompiler.ForceOverwrite = "true"
		Release.AspNetCompiler.FixedNames = "false"
		Release.AspNetCompiler.Debug = "False"
		VWDPort = "49957"
		SlnRelativePath = "GUIA\"
	EndProjectSection
EndProject
Project("{E24C65DC-7377-472B-9ABA-BC803B73C61A}") = "DEF", "DEF\", "{FEDD2DDC-88EB-404C-B9F3-7E53D92BD397}"
	ProjectSection(WebsiteProperties) = preProject
		SccProjectName = ""
		SccAuxPath = ""
		SccLocalPath = ""
		SccProvider = ""
		TargetFrameworkMoniker = ".NETFramework,Version%3Dv4.0"
		Debug.AspNetCompiler.VirtualPath = "/DEF"
		Debug.AspNetCompiler.PhysicalPath = "DEF\"
		Debug.AspNetCompiler.TargetPath = "PrecompiledWeb\DEF\"
		Debug.AspNetCompiler.Updateable = "true"
		Debug.AspNetCompiler.ForceOverwrite = "true"
		Debug.AspNetCompiler.FixedNames = "false"
		Debug.AspNetCompiler.Debug = "True"
		Release.AspNetCompiler.VirtualPath = "/DEF"
		Release.AspNetCompiler.PhysicalPath = "DEF\"
		Release.AspNetCompiler.TargetPath = "PrecompiledWeb\DEF\"
		Release.AspNetCompiler.Updateable = "true"
		Release.AspNetCompiler.ForceOverwrite = "true"
		Release.AspNetCompiler.FixedNames = "false"
		Release.AspNetCompiler.Debug = "False"
		VWDPort = "56145"
		SlnRelativePath = "DEF\"
	EndProjectSection
EndProject
Project("{E24C65DC-7377-472B-9ABA-BC803B73C61A}") = "DEACI 2014", "http://localhost:55323", "{BBCECF84-9860-4821-9163-22F3F77A2C00}"
	ProjectSection(WebsiteProperties) = preProject
		UseIISExpress = "true"
		TargetFrameworkMoniker = ".NETFramework,Version%3Dv4.0"
		Debug.AspNetCompiler.VirtualPath = "/localhost_55323"
		Debug.AspNetCompiler.PhysicalPath = "DEACI 2014\"
		Debug.AspNetCompiler.TargetPath = "PrecompiledWeb\localhost_55323\"
		Debug.AspNetCompiler.Updateable = "true"
		Debug.AspNetCompiler.ForceOverwrite = "true"
		Debug.AspNetCompiler.FixedNames = "false"
		Debug.AspNetCompiler.Debug = "True"
		Release.AspNetCompiler.VirtualPath = "/localhost_55323"
		Release.AspNetCompiler.PhysicalPath = "DEACI 2014\"
		Release.AspNetCompiler.TargetPath = "PrecompiledWeb\localhost_55323\"
		Release.AspNetCompiler.Updateable = "true"
		Release.AspNetCompiler.ForceOverwrite = "true"
		Release.AspNetCompiler.FixedNames = "false"
		Release.AspNetCompiler.Debug = "False"
		SlnRelativePath = "DEACI 2014\"
	EndProjectSection
EndProject
Project("{E24C65DC-7377-472B-9ABA-BC803B73C61A}") = "DEAQ", "http://localhost:63105", "{8A6CCC5A-DB1D-4061-B5F2-0A19A2B292E2}"
	ProjectSection(WebsiteProperties) = preProject
		UseIISExpress = "true"
		TargetFrameworkMoniker = ".NETFramework,Version%3Dv4.0"
		Debug.AspNetCompiler.VirtualPath = "/localhost_63105"
		Debug.AspNetCompiler.PhysicalPath = "DEAQ\"
		Debug.AspNetCompiler.TargetPath = "PrecompiledWeb\localhost_63105\"
		Debug.AspNetCompiler.Updateable = "true"
		Debug.AspNetCompiler.ForceOverwrite = "true"
		Debug.AspNetCompiler.FixedNames = "false"
		Debug.AspNetCompiler.Debug = "True"
		Release.AspNetCompiler.VirtualPath = "/localhost_63105"
		Release.AspNetCompiler.PhysicalPath = "DEAQ\"
		Release.AspNetCompiler.TargetPath = "PrecompiledWeb\localhost_63105\"
		Release.AspNetCompiler.Updateable = "true"
		Release.AspNetCompiler.ForceOverwrite = "true"
		Release.AspNetCompiler.FixedNames = "false"
		Release.AspNetCompiler.Debug = "False"
		SlnRelativePath = "DEAQ\"
	EndProjectSection
EndProject
Project("{E24C65DC-7377-472B-9ABA-BC803B73C61A}") = "PEV 2014", "http://localhost:56906", "{893E5E75-E82B-4683-A6CD-158BEB7EB418}"
	ProjectSection(WebsiteProperties) = preProject
		UseIISExpress = "true"
		TargetFrameworkMoniker = ".NETFramework,Version%3Dv4.0"
		Debug.AspNetCompiler.VirtualPath = "/localhost_56906"
		Debug.AspNetCompiler.PhysicalPath = "PEV 2014\"
		Debug.AspNetCompiler.TargetPath = "PrecompiledWeb\localhost_56906\"
		Debug.AspNetCompiler.Updateable = "true"
		Debug.AspNetCompiler.ForceOverwrite = "true"
		Debug.AspNetCompiler.FixedNames = "false"
		Debug.AspNetCompiler.Debug = "True"
		Release.AspNetCompiler.VirtualPath = "/localhost_56906"
		Release.AspNetCompiler.PhysicalPath = "PEV 2014\"
		Release.AspNetCompiler.TargetPath = "PrecompiledWeb\localhost_56906\"
		Release.AspNetCompiler.Updateable = "true"
		Release.AspNetCompiler.ForceOverwrite = "true"
		Release.AspNetCompiler.FixedNames = "false"
		Release.AspNetCompiler.Debug = "False"
		SlnRelativePath = "PEV 2014\"
	EndProjectSection
EndProject
Project("{E24C65DC-7377-472B-9ABA-BC803B73C61A}") = "DEIA 2015", "http://localhost:51089", "{3A58818E-3DB6-4C07-97A8-137F5AFF975F}"
	ProjectSection(WebsiteProperties) = preProject
		UseIISExpress = "true"
		TargetFrameworkMoniker = ".NETFramework,Version%3Dv4.0"
		Debug.AspNetCompiler.VirtualPath = "/localhost_51089"
		Debug.AspNetCompiler.PhysicalPath = "DEIA 2015\"
		Debug.AspNetCompiler.TargetPath = "PrecompiledWeb\localhost_51089\"
		Debug.AspNetCompiler.Updateable = "true"
		Debug.AspNetCompiler.ForceOverwrite = "true"
		Debug.AspNetCompiler.FixedNames = "false"
		Debug.AspNetCompiler.Debug = "True"
		Release.AspNetCompiler.VirtualPath = "/localhost_51089"
		Release.AspNetCompiler.PhysicalPath = "DEIA 2015\"
		Release.AspNetCompiler.TargetPath = "PrecompiledWeb\localhost_51089\"
		Release.AspNetCompiler.Updateable = "true"
		Release.AspNetCompiler.ForceOverwrite = "true"
		Release.AspNetCompiler.FixedNames = "false"
		Release.AspNetCompiler.Debug = "False"
		SlnRelativePath = "DEIA 2015\"
	EndProjectSection
EndProject
Global
	GlobalSection(SolutionConfigurationPlatforms) = preSolution
		Debug|Any CPU = Debug|Any CPU
	EndGlobalSection
	GlobalSection(ProjectConfigurationPlatforms) = postSolution
		{F1189B4A-A68F-4849-B4BB-78634C9FC49D}.Debug|Any CPU.ActiveCfg = Debug|Any CPU
		{F1189B4A-A68F-4849-B4BB-78634C9FC49D}.Debug|Any CPU.Build.0 = Debug|Any CPU
		{C1BF84D7-8B8E-40E7-A801-D8E46EC10D75}.Debug|Any CPU.ActiveCfg = Debug|Any CPU
		{C1BF84D7-8B8E-40E7-A801-D8E46EC10D75}.Debug|Any CPU.Build.0 = Debug|Any CPU
		{075118CA-369C-416F-866E-5BDE1E92537D}.Debug|Any CPU.ActiveCfg = Debug|Any CPU
		{075118CA-369C-416F-866E-5BDE1E92537D}.Debug|Any CPU.Build.0 = Debug|Any CPU
		{9857BC61-381C-4401-A9FD-B7A058DED4F2}.Debug|Any CPU.ActiveCfg = Debug|Any CPU
		{9857BC61-381C-4401-A9FD-B7A058DED4F2}.Debug|Any CPU.Build.0 = Debug|Any CPU
		{D6FE1CE8-19C0-459C-9590-D43A51291B26}.Debug|Any CPU.ActiveCfg = Debug|Any CPU
		{D6FE1CE8-19C0-459C-9590-D43A51291B26}.Debug|Any CPU.Build.0 = Debug|Any CPU
		{FEDD2DDC-88EB-404C-B9F3-7E53D92BD397}.Debug|Any CPU.ActiveCfg = Debug|Any CPU
		{FEDD2DDC-88EB-404C-B9F3-7E53D92BD397}.Debug|Any CPU.Build.0 = Debug|Any CPU
		{BBCECF84-9860-4821-9163-22F3F77A2C00}.Debug|Any CPU.ActiveCfg = Debug|Any CPU
		{BBCECF84-9860-4821-9163-22F3F77A2C00}.Debug|Any CPU.Build.0 = Debug|Any CPU
		{8A6CCC5A-DB1D-4061-B5F2-0A19A2B292E2}.Debug|Any CPU.ActiveCfg = Debug|Any CPU
		{8A6CCC5A-DB1D-4061-B5F2-0A19A2B292E2}.Debug|Any CPU.Build.0 = Debug|Any CPU
		{893E5E75-E82B-4683-A6CD-158BEB7EB418}.Debug|Any CPU.ActiveCfg = Debug|Any CPU
		{893E5E75-E82B-4683-A6CD-158BEB7EB418}.Debug|Any CPU.Build.0 = Debug|Any CPU
		{3A58818E-3DB6-4C07-97A8-137F5AFF975F}.Debug|Any CPU.ActiveCfg = Debug|Any CPU
		{3A58818E-3DB6-4C07-97A8-137F5AFF975F}.Debug|Any CPU.Build.0 = Debug|Any CPU
	EndGlobalSection
	GlobalSection(SolutionProperties) = preSolution
		HideSolutionNode = FALSE
	EndGlobalSection
EndGlobal
