
Microsoft Visual Studio Solution File, Format Version 11.00
# Visual Studio 2010
Project("{FAE04EC0-301F-11D3-BF4B-00C04F79EFBC}") = "FlashControl", "FlashControl\FlashControl.csproj", "{0A2E586E-FFB9-4A0D-B584-ED9309DAC847}"
EndProject
Project("{FAE04EC0-301F-11D3-BF4B-00C04F79EFBC}") = "SecureQueryString", "SecureQueryString\SecureQueryString.csproj", "{1812C33A-4327-458B-9C51-63067E506A5B}"
EndProject
Project("{FAE04EC0-301F-11D3-BF4B-00C04F79EFBC}") = "PLMCryptographyComponent", "PLMCryptographyComponent\PLMCryptographyComponent.csproj", "{6242661B-0F54-4DAE-9613-E6DD059CE7C7}"
EndProject
Project("{FAE04EC0-301F-11D3-BF4B-00C04F79EFBC}") = "ActionDefinition", "ActionDefinition\ActionDefinition.csproj", "{FCDF72C5-C608-4554-BD0D-C095260CC82B}"
EndProject
Project("{FAE04EC0-301F-11D3-BF4B-00C04F79EFBC}") = "Flan.Controls", "Flan.Controls\Flan.Controls.csproj", "{86734B97-148A-4DA6-9645-A1A3D5C34272}"
EndProject
Project("{FAE04EC0-301F-11D3-BF4B-00C04F79EFBC}") = "PLMEmailComponent", "PLMEmailComponent\PLMEmailComponent.csproj", "{0DD46CE5-9E64-453F-91E4-20E8DBED166F}"
EndProject
Project("{FAE04EC0-301F-11D3-BF4B-00C04F79EFBC}") = "PLMJQueryComponent", "PLMJQueryComponent\PLMJQueryComponent.csproj", "{D9E5D85B-178F-4DFF-9380-C4F42C5BA86F}"
EndProject
Project("{FAE04EC0-301F-11D3-BF4B-00C04F79EFBC}") = "FactoryControlComponent", "FactoryControlComponent\FactoryControlComponent.csproj", "{E2CD019F-BE07-473E-8C1F-2FB7583A6182}"
EndProject
Project("{FAE04EC0-301F-11D3-BF4B-00C04F79EFBC}") = "PLMLicenseComponent", "PLMLicenseComponent\PLMLicenseComponent.csproj", "{6EA70416-AEAA-458B-83AE-4FF3BC437628}"
EndProject
Global
	GlobalSection(SourceCodeControl) = preSolution
		SccNumberOfProjects = 8
		SccProjectUniqueName0 = FlashControl\\FlashControl.csproj
		SccProjectName0 = \u0022$/PLMComponents.root/PLMComponents/FlashControl\u0022,\u0020FAAAAAAA
		SccLocalPath0 = FlashControl
		SccProvider0 = MSSCCI:Microsoft\u0020Visual\u0020SourceSafe
		SccProjectUniqueName1 = SecureQueryString\\SecureQueryString.csproj
		SccProjectName1 = \u0022$/PLMComponents.root/PLMComponents/SecureQueryString\u0022,\u0020LAAAAAAA
		SccLocalPath1 = SecureQueryString
		SccProvider1 = MSSCCI:Microsoft\u0020Visual\u0020SourceSafe
		SccProjectUniqueName2 = PLMCryptographyComponent\\PLMCryptographyComponent.csproj
		SccProjectName2 = \u0022$/PLMComponents.root/PLMComponents/PLMCryptographyComponent\u0022,\u0020TAAAAAAA
		SccLocalPath2 = PLMCryptographyComponent
		SccProvider2 = MSSCCI:Microsoft\u0020Visual\u0020SourceSafe
		SccProjectUniqueName3 = ActionDefinition\\ActionDefinition.csproj
		SccProjectName3 = \u0022$/PLMComponents.root/PLMComponents/ActionDefinition\u0022,\u0020ABAAAAAA
		SccLocalPath3 = ActionDefinition
		SccProvider3 = MSSCCI:Microsoft\u0020Visual\u0020SourceSafe
		SccProjectUniqueName4 = Flan.Controls\\Flan.Controls.csproj
		SccProjectName4 = \u0022$/PLMComponents.root/PLMComponents/Flan.Controls\u0022,\u0020GBAAAAAA
		SccLocalPath4 = Flan.Controls
		SccProvider4 = MSSCCI:Microsoft\u0020Visual\u0020SourceSafe
		SccProjectUniqueName5 = PLMEmailComponent\\PLMEmailComponent.csproj
		SccProjectName5 = \u0022$/PLMComponents.root/PLMComponents/PLMEmailComponent\u0022,\u0020SBAAAAAA
		SccLocalPath5 = PLMEmailComponent
		SccProvider5 = MSSCCI:Microsoft\u0020Visual\u0020SourceSafe
		SccProjectUniqueName6 = PLMJQueryComponent\\PLMJQueryComponent.csproj
		SccProjectName6 = \u0022$/PLMComponents.root/PLMComponents/PLMJQueryComponent\u0022,\u0020YBAAAAAA
		SccLocalPath6 = PLMJQueryComponent
		SccProvider6 = MSSCCI:Microsoft\u0020Visual\u0020SourceSafe
		SccProjectUniqueName7 = PLMLicenseComponent\\PLMLicenseComponent.csproj
		SccProjectName7 = \u0022$/PLMComponents.root/PLMComponents/PLMLicenseComponent\u0022,\u0020WCAAAAAA
		SccLocalPath7 = PLMLicenseComponent
		SccProvider7 = MSSCCI:Microsoft\u0020Visual\u0020SourceSafe
	EndGlobalSection
	GlobalSection(SolutionConfigurationPlatforms) = preSolution
		Debug|Any CPU = Debug|Any CPU
		Release|Any CPU = Release|Any CPU
	EndGlobalSection
	GlobalSection(ProjectConfigurationPlatforms) = postSolution
		{0A2E586E-FFB9-4A0D-B584-ED9309DAC847}.Debug|Any CPU.ActiveCfg = Debug|Any CPU
		{0A2E586E-FFB9-4A0D-B584-ED9309DAC847}.Debug|Any CPU.Build.0 = Debug|Any CPU
		{0A2E586E-FFB9-4A0D-B584-ED9309DAC847}.Release|Any CPU.ActiveCfg = Release|Any CPU
		{0A2E586E-FFB9-4A0D-B584-ED9309DAC847}.Release|Any CPU.Build.0 = Release|Any CPU
		{1812C33A-4327-458B-9C51-63067E506A5B}.Debug|Any CPU.ActiveCfg = Debug|Any CPU
		{1812C33A-4327-458B-9C51-63067E506A5B}.Debug|Any CPU.Build.0 = Debug|Any CPU
		{1812C33A-4327-458B-9C51-63067E506A5B}.Release|Any CPU.ActiveCfg = Release|Any CPU
		{1812C33A-4327-458B-9C51-63067E506A5B}.Release|Any CPU.Build.0 = Release|Any CPU
		{6242661B-0F54-4DAE-9613-E6DD059CE7C7}.Debug|Any CPU.ActiveCfg = Debug|Any CPU
		{6242661B-0F54-4DAE-9613-E6DD059CE7C7}.Debug|Any CPU.Build.0 = Debug|Any CPU
		{6242661B-0F54-4DAE-9613-E6DD059CE7C7}.Release|Any CPU.ActiveCfg = Release|Any CPU
		{6242661B-0F54-4DAE-9613-E6DD059CE7C7}.Release|Any CPU.Build.0 = Release|Any CPU
		{FCDF72C5-C608-4554-BD0D-C095260CC82B}.Debug|Any CPU.ActiveCfg = Debug|Any CPU
		{FCDF72C5-C608-4554-BD0D-C095260CC82B}.Debug|Any CPU.Build.0 = Debug|Any CPU
		{FCDF72C5-C608-4554-BD0D-C095260CC82B}.Release|Any CPU.ActiveCfg = Release|Any CPU
		{FCDF72C5-C608-4554-BD0D-C095260CC82B}.Release|Any CPU.Build.0 = Release|Any CPU
		{86734B97-148A-4DA6-9645-A1A3D5C34272}.Debug|Any CPU.ActiveCfg = Debug|Any CPU
		{86734B97-148A-4DA6-9645-A1A3D5C34272}.Debug|Any CPU.Build.0 = Debug|Any CPU
		{86734B97-148A-4DA6-9645-A1A3D5C34272}.Release|Any CPU.ActiveCfg = Release|Any CPU
		{86734B97-148A-4DA6-9645-A1A3D5C34272}.Release|Any CPU.Build.0 = Release|Any CPU
		{0DD46CE5-9E64-453F-91E4-20E8DBED166F}.Debug|Any CPU.ActiveCfg = Debug|Any CPU
		{0DD46CE5-9E64-453F-91E4-20E8DBED166F}.Debug|Any CPU.Build.0 = Debug|Any CPU
		{0DD46CE5-9E64-453F-91E4-20E8DBED166F}.Release|Any CPU.ActiveCfg = Release|Any CPU
		{0DD46CE5-9E64-453F-91E4-20E8DBED166F}.Release|Any CPU.Build.0 = Release|Any CPU
		{D9E5D85B-178F-4DFF-9380-C4F42C5BA86F}.Debug|Any CPU.ActiveCfg = Debug|Any CPU
		{D9E5D85B-178F-4DFF-9380-C4F42C5BA86F}.Debug|Any CPU.Build.0 = Debug|Any CPU
		{D9E5D85B-178F-4DFF-9380-C4F42C5BA86F}.Release|Any CPU.ActiveCfg = Release|Any CPU
		{D9E5D85B-178F-4DFF-9380-C4F42C5BA86F}.Release|Any CPU.Build.0 = Release|Any CPU
		{E2CD019F-BE07-473E-8C1F-2FB7583A6182}.Debug|Any CPU.ActiveCfg = Debug|Any CPU
		{E2CD019F-BE07-473E-8C1F-2FB7583A6182}.Debug|Any CPU.Build.0 = Debug|Any CPU
		{E2CD019F-BE07-473E-8C1F-2FB7583A6182}.Release|Any CPU.ActiveCfg = Release|Any CPU
		{E2CD019F-BE07-473E-8C1F-2FB7583A6182}.Release|Any CPU.Build.0 = Release|Any CPU
		{6EA70416-AEAA-458B-83AE-4FF3BC437628}.Debug|Any CPU.ActiveCfg = Debug|Any CPU
		{6EA70416-AEAA-458B-83AE-4FF3BC437628}.Debug|Any CPU.Build.0 = Debug|Any CPU
		{6EA70416-AEAA-458B-83AE-4FF3BC437628}.Release|Any CPU.ActiveCfg = Release|Any CPU
		{6EA70416-AEAA-458B-83AE-4FF3BC437628}.Release|Any CPU.Build.0 = Release|Any CPU
	EndGlobalSection
	GlobalSection(SolutionProperties) = preSolution
		HideSolutionNode = FALSE
	EndGlobalSection
EndGlobal
