
Microsoft Visual Studio Solution File, Format Version 12.00
# Visual Studio 2013
VisualStudioVersion = 12.0.21005.1
MinimumVisualStudioVersion = 10.0.40219.1
Project("{E24C65DC-7377-472B-9ABA-BC803B73C61A}") = "Indices", "Indices\", "{C0E50F2A-224B-4BA1-88D3-88C8F61AAF02}"
	ProjectSection(WebsiteProperties) = preProject
		SccProjectName = ""
		SccAuxPath = ""
		SccLocalPath = ""
		SccProvider = ""
		TargetFrameworkMoniker = ".NETFramework,Version%3Dv4.0"
		Debug.AspNetCompiler.VirtualPath = "/Indices"
		Debug.AspNetCompiler.PhysicalPath = "Indices\"
		Debug.AspNetCompiler.TargetPath = "PrecompiledWeb\Indices\"
		Debug.AspNetCompiler.Updateable = "true"
		Debug.AspNetCompiler.ForceOverwrite = "true"
		Debug.AspNetCompiler.FixedNames = "false"
		Debug.AspNetCompiler.Debug = "True"
		Release.AspNetCompiler.VirtualPath = "/Indices"
		Release.AspNetCompiler.PhysicalPath = "Indices\"
		Release.AspNetCompiler.TargetPath = "PrecompiledWeb\Indices\"
		Release.AspNetCompiler.Updateable = "true"
		Release.AspNetCompiler.ForceOverwrite = "true"
		Release.AspNetCompiler.FixedNames = "false"
		Release.AspNetCompiler.Debug = "False"
		VWDPort = "2851"
		SlnRelativePath = "Indices\"
	EndProjectSection
EndProject
Project("{FAE04EC0-301F-11D3-BF4B-00C04F79EFBC}") = "ExportHTML", "ExportHTML\ExportHTML.csproj", "{5BF9D88C-1462-48FB-996C-CBE0DCD02ECA}"
EndProject
Project("{E24C65DC-7377-472B-9ABA-BC803B73C61A}") = "SIDEF", "SIDEF\", "{92685C82-51DF-49F3-97B4-419E0A18348C}"
	ProjectSection(WebsiteProperties) = preProject
		SccProjectName = ""
		SccAuxPath = ""
		SccLocalPath = ""
		SccProvider = ""
		TargetFrameworkMoniker = ".NETFramework,Version%3Dv4.0"
		Debug.AspNetCompiler.VirtualPath = "/SIDEF"
		Debug.AspNetCompiler.PhysicalPath = "SIDEF\"
		Debug.AspNetCompiler.TargetPath = "PrecompiledWeb\SIDEF\"
		Debug.AspNetCompiler.Updateable = "true"
		Debug.AspNetCompiler.ForceOverwrite = "true"
		Debug.AspNetCompiler.FixedNames = "false"
		Debug.AspNetCompiler.Debug = "True"
		Release.AspNetCompiler.VirtualPath = "/SIDEF"
		Release.AspNetCompiler.PhysicalPath = "SIDEF\"
		Release.AspNetCompiler.TargetPath = "PrecompiledWeb\SIDEF\"
		Release.AspNetCompiler.Updateable = "true"
		Release.AspNetCompiler.ForceOverwrite = "true"
		Release.AspNetCompiler.FixedNames = "false"
		Release.AspNetCompiler.Debug = "False"
		VWDPort = "2853"
		SlnRelativePath = "SIDEF\"
		DefaultWebSiteLanguage = "Visual C#"
	EndProjectSection
EndProject
Project("{E24C65DC-7377-472B-9ABA-BC803B73C61A}") = "XMLiPhone", "XMLiPhone\", "{897F52BD-46E9-4280-BDA5-B1AB645160FA}"
	ProjectSection(WebsiteProperties) = preProject
		SccProjectName = ""
		SccAuxPath = ""
		SccLocalPath = ""
		SccProvider = ""
		TargetFrameworkMoniker = ".NETFramework,Version%3Dv4.0"
		Debug.AspNetCompiler.VirtualPath = "/XMLiPhone"
		Debug.AspNetCompiler.PhysicalPath = "XMLiPhone\"
		Debug.AspNetCompiler.TargetPath = "PrecompiledWeb\XMLiPhone\"
		Debug.AspNetCompiler.Updateable = "true"
		Debug.AspNetCompiler.ForceOverwrite = "true"
		Debug.AspNetCompiler.FixedNames = "false"
		Debug.AspNetCompiler.Debug = "True"
		Release.AspNetCompiler.VirtualPath = "/XMLiPhone"
		Release.AspNetCompiler.PhysicalPath = "XMLiPhone\"
		Release.AspNetCompiler.TargetPath = "PrecompiledWeb\XMLiPhone\"
		Release.AspNetCompiler.Updateable = "true"
		Release.AspNetCompiler.ForceOverwrite = "true"
		Release.AspNetCompiler.FixedNames = "false"
		Release.AspNetCompiler.Debug = "False"
		VWDPort = "1998"
		SlnRelativePath = "XMLiPhone\"
		DefaultWebSiteLanguage = "Visual C#"
	EndProjectSection
EndProject
Project("{E24C65DC-7377-472B-9ABA-BC803B73C61A}") = "GuiaLogos", "GuiaLogos\", "{86267E43-6BFE-4081-8A26-A87840D75979}"
	ProjectSection(WebsiteProperties) = preProject
		SccProjectName = ""
		SccAuxPath = ""
		SccLocalPath = ""
		SccProvider = ""
		TargetFrameworkMoniker = ".NETFramework,Version%3Dv4.0"
		Debug.AspNetCompiler.VirtualPath = "/GuiaLogos"
		Debug.AspNetCompiler.PhysicalPath = "GuiaLogos\"
		Debug.AspNetCompiler.TargetPath = "PrecompiledWeb\GuiaLogos\"
		Debug.AspNetCompiler.Updateable = "true"
		Debug.AspNetCompiler.ForceOverwrite = "true"
		Debug.AspNetCompiler.FixedNames = "false"
		Debug.AspNetCompiler.Debug = "True"
		Release.AspNetCompiler.VirtualPath = "/GuiaLogos"
		Release.AspNetCompiler.PhysicalPath = "GuiaLogos\"
		Release.AspNetCompiler.TargetPath = "PrecompiledWeb\GuiaLogos\"
		Release.AspNetCompiler.Updateable = "true"
		Release.AspNetCompiler.ForceOverwrite = "true"
		Release.AspNetCompiler.FixedNames = "false"
		Release.AspNetCompiler.Debug = "False"
		VWDPort = "52664"
		SlnRelativePath = "GuiaLogos\"
	EndProjectSection
EndProject
Project("{E24C65DC-7377-472B-9ABA-BC803B73C61A}") = "DEAQ", "http://localhost:50595", "{46280167-4DC5-4D86-9E9B-82ACFECFE491}"
	ProjectSection(WebsiteProperties) = preProject
		UseIISExpress = "true"
		TargetFrameworkMoniker = ".NETFramework,Version%3Dv2.0"
		Debug.AspNetCompiler.VirtualPath = "/localhost_50595"
		Debug.AspNetCompiler.PhysicalPath = "DEAQ\"
		Debug.AspNetCompiler.TargetPath = "PrecompiledWeb\localhost_50595\"
		Debug.AspNetCompiler.Updateable = "true"
		Debug.AspNetCompiler.ForceOverwrite = "true"
		Debug.AspNetCompiler.FixedNames = "false"
		Debug.AspNetCompiler.Debug = "True"
		Release.AspNetCompiler.VirtualPath = "/localhost_50595"
		Release.AspNetCompiler.PhysicalPath = "DEAQ\"
		Release.AspNetCompiler.TargetPath = "PrecompiledWeb\localhost_50595\"
		Release.AspNetCompiler.Updateable = "true"
		Release.AspNetCompiler.ForceOverwrite = "true"
		Release.AspNetCompiler.FixedNames = "false"
		Release.AspNetCompiler.Debug = "False"
		SlnRelativePath = "DEAQ\"
	EndProjectSection
EndProject
Project("{E24C65DC-7377-472B-9ABA-BC803B73C61A}") = "GUIA_INDICES", "http://localhost:53588", "{6465B117-A091-4AE4-98C2-A3B538F27BA5}"
	ProjectSection(WebsiteProperties) = preProject
		UseIISExpress = "true"
		TargetFrameworkMoniker = ".NETFramework,Version%3Dv4.0"
		Debug.AspNetCompiler.VirtualPath = "/localhost_53588"
		Debug.AspNetCompiler.PhysicalPath = "GUIA_INDICES\"
		Debug.AspNetCompiler.TargetPath = "PrecompiledWeb\localhost_53588\"
		Debug.AspNetCompiler.Updateable = "true"
		Debug.AspNetCompiler.ForceOverwrite = "true"
		Debug.AspNetCompiler.FixedNames = "false"
		Debug.AspNetCompiler.Debug = "True"
		Release.AspNetCompiler.VirtualPath = "/localhost_53588"
		Release.AspNetCompiler.PhysicalPath = "GUIA_INDICES\"
		Release.AspNetCompiler.TargetPath = "PrecompiledWeb\localhost_53588\"
		Release.AspNetCompiler.Updateable = "true"
		Release.AspNetCompiler.ForceOverwrite = "true"
		Release.AspNetCompiler.FixedNames = "false"
		Release.AspNetCompiler.Debug = "False"
		SlnRelativePath = "GUIA_INDICES\"
	EndProjectSection
EndProject
Global
	GlobalSection(SolutionConfigurationPlatforms) = preSolution
		Debug|.NET = Debug|.NET
		Debug|Any CPU = Debug|Any CPU
		Debug|Mixed Platforms = Debug|Mixed Platforms
		Release|.NET = Release|.NET
		Release|Any CPU = Release|Any CPU
		Release|Mixed Platforms = Release|Mixed Platforms
	EndGlobalSection
	GlobalSection(ProjectConfigurationPlatforms) = postSolution
		{C0E50F2A-224B-4BA1-88D3-88C8F61AAF02}.Debug|.NET.ActiveCfg = Debug|Any CPU
		{C0E50F2A-224B-4BA1-88D3-88C8F61AAF02}.Debug|Any CPU.ActiveCfg = Debug|Any CPU
		{C0E50F2A-224B-4BA1-88D3-88C8F61AAF02}.Debug|Any CPU.Build.0 = Debug|Any CPU
		{C0E50F2A-224B-4BA1-88D3-88C8F61AAF02}.Debug|Mixed Platforms.ActiveCfg = Debug|Any CPU
		{C0E50F2A-224B-4BA1-88D3-88C8F61AAF02}.Debug|Mixed Platforms.Build.0 = Debug|Any CPU
		{C0E50F2A-224B-4BA1-88D3-88C8F61AAF02}.Release|.NET.ActiveCfg = Debug|Any CPU
		{C0E50F2A-224B-4BA1-88D3-88C8F61AAF02}.Release|Any CPU.ActiveCfg = Debug|Any CPU
		{C0E50F2A-224B-4BA1-88D3-88C8F61AAF02}.Release|Any CPU.Build.0 = Debug|Any CPU
		{C0E50F2A-224B-4BA1-88D3-88C8F61AAF02}.Release|Mixed Platforms.ActiveCfg = Debug|Any CPU
		{C0E50F2A-224B-4BA1-88D3-88C8F61AAF02}.Release|Mixed Platforms.Build.0 = Debug|Any CPU
		{5BF9D88C-1462-48FB-996C-CBE0DCD02ECA}.Debug|.NET.ActiveCfg = Debug|Any CPU
		{5BF9D88C-1462-48FB-996C-CBE0DCD02ECA}.Debug|Any CPU.ActiveCfg = Debug|Any CPU
		{5BF9D88C-1462-48FB-996C-CBE0DCD02ECA}.Debug|Any CPU.Build.0 = Debug|Any CPU
		{5BF9D88C-1462-48FB-996C-CBE0DCD02ECA}.Debug|Mixed Platforms.ActiveCfg = Debug|Any CPU
		{5BF9D88C-1462-48FB-996C-CBE0DCD02ECA}.Debug|Mixed Platforms.Build.0 = Debug|Any CPU
		{5BF9D88C-1462-48FB-996C-CBE0DCD02ECA}.Release|.NET.ActiveCfg = Release|Any CPU
		{5BF9D88C-1462-48FB-996C-CBE0DCD02ECA}.Release|Any CPU.ActiveCfg = Release|Any CPU
		{5BF9D88C-1462-48FB-996C-CBE0DCD02ECA}.Release|Any CPU.Build.0 = Release|Any CPU
		{5BF9D88C-1462-48FB-996C-CBE0DCD02ECA}.Release|Mixed Platforms.ActiveCfg = Release|Any CPU
		{5BF9D88C-1462-48FB-996C-CBE0DCD02ECA}.Release|Mixed Platforms.Build.0 = Release|Any CPU
		{92685C82-51DF-49F3-97B4-419E0A18348C}.Debug|.NET.ActiveCfg = Debug|Any CPU
		{92685C82-51DF-49F3-97B4-419E0A18348C}.Debug|Any CPU.ActiveCfg = Debug|Any CPU
		{92685C82-51DF-49F3-97B4-419E0A18348C}.Debug|Any CPU.Build.0 = Debug|Any CPU
		{92685C82-51DF-49F3-97B4-419E0A18348C}.Debug|Mixed Platforms.ActiveCfg = Debug|Any CPU
		{92685C82-51DF-49F3-97B4-419E0A18348C}.Debug|Mixed Platforms.Build.0 = Debug|Any CPU
		{92685C82-51DF-49F3-97B4-419E0A18348C}.Release|.NET.ActiveCfg = Debug|Any CPU
		{92685C82-51DF-49F3-97B4-419E0A18348C}.Release|Any CPU.ActiveCfg = Debug|Any CPU
		{92685C82-51DF-49F3-97B4-419E0A18348C}.Release|Any CPU.Build.0 = Debug|Any CPU
		{92685C82-51DF-49F3-97B4-419E0A18348C}.Release|Mixed Platforms.ActiveCfg = Debug|Any CPU
		{92685C82-51DF-49F3-97B4-419E0A18348C}.Release|Mixed Platforms.Build.0 = Debug|Any CPU
		{897F52BD-46E9-4280-BDA5-B1AB645160FA}.Debug|.NET.ActiveCfg = Debug|Any CPU
		{897F52BD-46E9-4280-BDA5-B1AB645160FA}.Debug|Any CPU.ActiveCfg = Debug|Any CPU
		{897F52BD-46E9-4280-BDA5-B1AB645160FA}.Debug|Any CPU.Build.0 = Debug|Any CPU
		{897F52BD-46E9-4280-BDA5-B1AB645160FA}.Debug|Mixed Platforms.ActiveCfg = Debug|Any CPU
		{897F52BD-46E9-4280-BDA5-B1AB645160FA}.Debug|Mixed Platforms.Build.0 = Debug|Any CPU
		{897F52BD-46E9-4280-BDA5-B1AB645160FA}.Release|.NET.ActiveCfg = Debug|Any CPU
		{897F52BD-46E9-4280-BDA5-B1AB645160FA}.Release|Any CPU.ActiveCfg = Debug|Any CPU
		{897F52BD-46E9-4280-BDA5-B1AB645160FA}.Release|Any CPU.Build.0 = Debug|Any CPU
		{897F52BD-46E9-4280-BDA5-B1AB645160FA}.Release|Mixed Platforms.ActiveCfg = Debug|Any CPU
		{897F52BD-46E9-4280-BDA5-B1AB645160FA}.Release|Mixed Platforms.Build.0 = Debug|Any CPU
		{86267E43-6BFE-4081-8A26-A87840D75979}.Debug|.NET.ActiveCfg = Debug|Any CPU
		{86267E43-6BFE-4081-8A26-A87840D75979}.Debug|Any CPU.ActiveCfg = Debug|Any CPU
		{86267E43-6BFE-4081-8A26-A87840D75979}.Debug|Any CPU.Build.0 = Debug|Any CPU
		{86267E43-6BFE-4081-8A26-A87840D75979}.Debug|Mixed Platforms.ActiveCfg = Debug|Any CPU
		{86267E43-6BFE-4081-8A26-A87840D75979}.Debug|Mixed Platforms.Build.0 = Debug|Any CPU
		{86267E43-6BFE-4081-8A26-A87840D75979}.Release|.NET.ActiveCfg = Debug|Any CPU
		{86267E43-6BFE-4081-8A26-A87840D75979}.Release|Any CPU.ActiveCfg = Debug|Any CPU
		{86267E43-6BFE-4081-8A26-A87840D75979}.Release|Any CPU.Build.0 = Debug|Any CPU
		{86267E43-6BFE-4081-8A26-A87840D75979}.Release|Mixed Platforms.ActiveCfg = Debug|Any CPU
		{86267E43-6BFE-4081-8A26-A87840D75979}.Release|Mixed Platforms.Build.0 = Debug|Any CPU
		{46280167-4DC5-4D86-9E9B-82ACFECFE491}.Debug|.NET.ActiveCfg = Debug|Any CPU
		{46280167-4DC5-4D86-9E9B-82ACFECFE491}.Debug|Any CPU.ActiveCfg = Debug|Any CPU
		{46280167-4DC5-4D86-9E9B-82ACFECFE491}.Debug|Any CPU.Build.0 = Debug|Any CPU
		{46280167-4DC5-4D86-9E9B-82ACFECFE491}.Debug|Mixed Platforms.ActiveCfg = Debug|Any CPU
		{46280167-4DC5-4D86-9E9B-82ACFECFE491}.Debug|Mixed Platforms.Build.0 = Debug|Any CPU
		{46280167-4DC5-4D86-9E9B-82ACFECFE491}.Release|.NET.ActiveCfg = Debug|Any CPU
		{46280167-4DC5-4D86-9E9B-82ACFECFE491}.Release|Any CPU.ActiveCfg = Debug|Any CPU
		{46280167-4DC5-4D86-9E9B-82ACFECFE491}.Release|Any CPU.Build.0 = Debug|Any CPU
		{46280167-4DC5-4D86-9E9B-82ACFECFE491}.Release|Mixed Platforms.ActiveCfg = Debug|Any CPU
		{46280167-4DC5-4D86-9E9B-82ACFECFE491}.Release|Mixed Platforms.Build.0 = Debug|Any CPU
		{6465B117-A091-4AE4-98C2-A3B538F27BA5}.Debug|.NET.ActiveCfg = Debug|Any CPU
		{6465B117-A091-4AE4-98C2-A3B538F27BA5}.Debug|Any CPU.ActiveCfg = Debug|Any CPU
		{6465B117-A091-4AE4-98C2-A3B538F27BA5}.Debug|Any CPU.Build.0 = Debug|Any CPU
		{6465B117-A091-4AE4-98C2-A3B538F27BA5}.Debug|Mixed Platforms.ActiveCfg = Debug|Any CPU
		{6465B117-A091-4AE4-98C2-A3B538F27BA5}.Debug|Mixed Platforms.Build.0 = Debug|Any CPU
		{6465B117-A091-4AE4-98C2-A3B538F27BA5}.Release|.NET.ActiveCfg = Debug|Any CPU
		{6465B117-A091-4AE4-98C2-A3B538F27BA5}.Release|Any CPU.ActiveCfg = Debug|Any CPU
		{6465B117-A091-4AE4-98C2-A3B538F27BA5}.Release|Any CPU.Build.0 = Debug|Any CPU
		{6465B117-A091-4AE4-98C2-A3B538F27BA5}.Release|Mixed Platforms.ActiveCfg = Debug|Any CPU
		{6465B117-A091-4AE4-98C2-A3B538F27BA5}.Release|Mixed Platforms.Build.0 = Debug|Any CPU
	EndGlobalSection
	GlobalSection(SolutionProperties) = preSolution
		HideSolutionNode = FALSE
	EndGlobalSection
EndGlobal
