
Microsoft Visual Studio Solution File, Format Version 11.00
# Visual Studio 2010
Project("{FAE04EC0-301F-11D3-BF4B-00C04F79EFBC}") = "FlashControl", "FlashControl\FlashControl.csproj", "{0A2E586E-FFB9-4A0D-B584-ED9309DAC847}"
EndProject
Project("{FAE04EC0-301F-11D3-BF4B-00C04F79EFBC}") = "SecureQueryString", "SecureQueryString\SecureQueryString.csproj", "{1812C33A-4327-458B-9C51-63067E506A5B}"
EndProject
Project("{FAE04EC0-301F-11D3-BF4B-00C04F79EFBC}") = "PLMCryptographyComponent", "PLMCryptographyComponent\PLMCryptographyComponent.csproj", "{6242661B-0F54-4DAE-9613-E6DD059CE7C7}"
EndProject
Project("{FAE04EC0-301F-11D3-BF4B-00C04F79EFBC}") = "ActionDefinition", "ActionDefinition\ActionDefinition.csproj", "{FCDF72C5-C608-4554-BD0D-C095260CC82B}"
EndProject
Project("{FAE04EC0-301F-11D3-BF4B-00C04F79EFBC}") = "Flan.Controls", "Flan.Controls\Flan.Controls.csproj", "{86734B97-148A-4DA6-9645-A1A3D5C34272}"
EndProject
Project("{FAE04EC0-301F-11D3-BF4B-00C04F79EFBC}") = "PLMEmailComponent", "PLMEmailComponent\PLMEmailComponent.csproj", "{0DD46CE5-9E64-453F-91E4-20E8DBED166F}"
EndProject
Project("{FAE04EC0-301F-11D3-BF4B-00C04F79EFBC}") = "PLMJQueryComponent", "PLMJQueryComponent\PLMJQueryComponent.csproj", "{D9E5D85B-178F-4DFF-9380-C4F42C5BA86F}"
EndProject
Project("{FAE04EC0-301F-11D3-BF4B-00C04F79EFBC}") = "FactoryControlComponent", "FactoryControlComponent\FactoryControlComponent.csproj", "{E2CD019F-BE07-473E-8C1F-2FB7583A6182}"
EndProject
Project("{FAE04EC0-301F-11D3-BF4B-00C04F79EFBC}") = "PLMLicenseComponent", "PLMLicenseComponent\PLMLicenseComponent.csproj", "{6EA70416-AEAA-458B-83AE-4FF3BC437628}"
EndProject
Project("{FAE04EC0-301F-11D3-BF4B-00C04F79EFBC}") = "PLMExportDataComponent", "PLMExportData\PLMExportDataComponent.csproj", "{D679484A-0283-4E14-A9BE-8019492A242A}"
EndProject
Global
	GlobalSection(SourceCodeControl) = preSolution
		SccNumberOfProjects = 11
		SccLocalPath0 = .
		SccProjectUniqueName1 = FlashControl\\FlashControl.csproj
		SccProjectName1 = \u0022$/PLMComponents/FlashControl\u0022,\u0020FLAAAAAA
		SccLocalPath1 = FlashControl
		SccProjectUniqueName2 = SecureQueryString\\SecureQueryString.csproj
		SccProjectName2 = \u0022$/PLMComponents/SecureQueryString\u0022,\u0020JRAAAAAA
		SccLocalPath2 = SecureQueryString
		SccProjectUniqueName3 = PLMCryptographyComponent\\PLMCryptographyComponent.csproj
		SccProjectName3 = \u0022$/PLMComponents/PLMCryptographyComponent\u0022,\u0020ZLAAAAAA
		SccLocalPath3 = PLMCryptographyComponent
		SccProjectUniqueName4 = ActionDefinition\\ActionDefinition.csproj
		SccProjectName4 = \u0022$/PLMComponents/ActionDefinition\u0022,\u0020GGAAAAAA
		SccLocalPath4 = ActionDefinition
		SccProjectUniqueName5 = Flan.Controls\\Flan.Controls.csproj
		SccProjectName5 = \u0022$/PLMComponents/Flan.Controls\u0022,\u0020FKAAAAAA
		SccLocalPath5 = Flan.Controls
		SccProjectUniqueName6 = PLMEmailComponent\\PLMEmailComponent.csproj
		SccProjectName6 = \u0022$/PLMComponents/PLMEmailComponent\u0022,\u0020RNAAAAAA
		SccLocalPath6 = PLMEmailComponent
		SccProjectUniqueName7 = PLMJQueryComponent\\PLMJQueryComponent.csproj
		SccProjectName7 = \u0022$/PLMComponents/PLMJQueryComponent\u0022,\u0020APAAAAAA
		SccLocalPath7 = PLMJQueryComponent
		SccProjectUniqueName8 = PLMLicenseComponent\\PLMLicenseComponent.csproj
		SccProjectName8 = \u0022$/PLMComponents/PLMLicenseComponent\u0022,\u0020XPAAAAAA
		SccLocalPath8 = PLMLicenseComponent
		SccProjectUniqueName9 = PLMExportData\\PLMExportDataComponent.csproj
		SccProjectName9 = \u0022$/PLMComponents/PLMExportData\u0022,\u0020JSAAAAAA
		SccLocalPath9 = PLMExportData
		SccProjectUniqueName10 = FactoryControlComponent\\FactoryControlComponent.csproj
		SccLocalPath10 = .
		SccProjectFilePathRelativizedFromConnection10 = FactoryControlComponent\\
	EndGlobalSection
	GlobalSection(SolutionConfigurationPlatforms) = preSolution
		Debug|Any CPU = Debug|Any CPU
		Release|Any CPU = Release|Any CPU
	EndGlobalSection
	GlobalSection(ProjectConfigurationPlatforms) = postSolution
		{0A2E586E-FFB9-4A0D-B584-ED9309DAC847}.Debug|Any CPU.ActiveCfg = Debug|Any CPU
		{0A2E586E-FFB9-4A0D-B584-ED9309DAC847}.Debug|Any CPU.Build.0 = Debug|Any CPU
		{0A2E586E-FFB9-4A0D-B584-ED9309DAC847}.Release|Any CPU.ActiveCfg = Release|Any CPU
		{0A2E586E-FFB9-4A0D-B584-ED9309DAC847}.Release|Any CPU.Build.0 = Release|Any CPU
		{1812C33A-4327-458B-9C51-63067E506A5B}.Debug|Any CPU.ActiveCfg = Debug|Any CPU
		{1812C33A-4327-458B-9C51-63067E506A5B}.Debug|Any CPU.Build.0 = Debug|Any CPU
		{1812C33A-4327-458B-9C51-63067E506A5B}.Release|Any CPU.ActiveCfg = Release|Any CPU
		{1812C33A-4327-458B-9C51-63067E506A5B}.Release|Any CPU.Build.0 = Release|Any CPU
		{6242661B-0F54-4DAE-9613-E6DD059CE7C7}.Debug|Any CPU.ActiveCfg = Debug|Any CPU
		{6242661B-0F54-4DAE-9613-E6DD059CE7C7}.Debug|Any CPU.Build.0 = Debug|Any CPU
		{6242661B-0F54-4DAE-9613-E6DD059CE7C7}.Release|Any CPU.ActiveCfg = Release|Any CPU
		{6242661B-0F54-4DAE-9613-E6DD059CE7C7}.Release|Any CPU.Build.0 = Release|Any CPU
		{FCDF72C5-C608-4554-BD0D-C095260CC82B}.Debug|Any CPU.ActiveCfg = Debug|Any CPU
		{FCDF72C5-C608-4554-BD0D-C095260CC82B}.Debug|Any CPU.Build.0 = Debug|Any CPU
		{FCDF72C5-C608-4554-BD0D-C095260CC82B}.Release|Any CPU.ActiveCfg = Release|Any CPU
		{FCDF72C5-C608-4554-BD0D-C095260CC82B}.Release|Any CPU.Build.0 = Release|Any CPU
		{86734B97-148A-4DA6-9645-A1A3D5C34272}.Debug|Any CPU.ActiveCfg = Debug|Any CPU
		{86734B97-148A-4DA6-9645-A1A3D5C34272}.Debug|Any CPU.Build.0 = Debug|Any CPU
		{86734B97-148A-4DA6-9645-A1A3D5C34272}.Release|Any CPU.ActiveCfg = Release|Any CPU
		{86734B97-148A-4DA6-9645-A1A3D5C34272}.Release|Any CPU.Build.0 = Release|Any CPU
		{0DD46CE5-9E64-453F-91E4-20E8DBED166F}.Debug|Any CPU.ActiveCfg = Debug|Any CPU
		{0DD46CE5-9E64-453F-91E4-20E8DBED166F}.Debug|Any CPU.Build.0 = Debug|Any CPU
		{0DD46CE5-9E64-453F-91E4-20E8DBED166F}.Release|Any CPU.ActiveCfg = Release|Any CPU
		{0DD46CE5-9E64-453F-91E4-20E8DBED166F}.Release|Any CPU.Build.0 = Release|Any CPU
		{D9E5D85B-178F-4DFF-9380-C4F42C5BA86F}.Debug|Any CPU.ActiveCfg = Debug|Any CPU
		{D9E5D85B-178F-4DFF-9380-C4F42C5BA86F}.Debug|Any CPU.Build.0 = Debug|Any CPU
		{D9E5D85B-178F-4DFF-9380-C4F42C5BA86F}.Release|Any CPU.ActiveCfg = Release|Any CPU
		{D9E5D85B-178F-4DFF-9380-C4F42C5BA86F}.Release|Any CPU.Build.0 = Release|Any CPU
		{E2CD019F-BE07-473E-8C1F-2FB7583A6182}.Debug|Any CPU.ActiveCfg = Debug|Any CPU
		{E2CD019F-BE07-473E-8C1F-2FB7583A6182}.Debug|Any CPU.Build.0 = Debug|Any CPU
		{E2CD019F-BE07-473E-8C1F-2FB7583A6182}.Release|Any CPU.ActiveCfg = Release|Any CPU
		{E2CD019F-BE07-473E-8C1F-2FB7583A6182}.Release|Any CPU.Build.0 = Release|Any CPU
		{6EA70416-AEAA-458B-83AE-4FF3BC437628}.Debug|Any CPU.ActiveCfg = Debug|Any CPU
		{6EA70416-AEAA-458B-83AE-4FF3BC437628}.Debug|Any CPU.Build.0 = Debug|Any CPU
		{6EA70416-AEAA-458B-83AE-4FF3BC437628}.Release|Any CPU.ActiveCfg = Release|Any CPU
		{6EA70416-AEAA-458B-83AE-4FF3BC437628}.Release|Any CPU.Build.0 = Release|Any CPU
		{D679484A-0283-4E14-A9BE-8019492A242A}.Debug|Any CPU.ActiveCfg = Debug|Any CPU
		{D679484A-0283-4E14-A9BE-8019492A242A}.Debug|Any CPU.Build.0 = Debug|Any CPU
		{D679484A-0283-4E14-A9BE-8019492A242A}.Release|Any CPU.ActiveCfg = Release|Any CPU
		{D679484A-0283-4E14-A9BE-8019492A242A}.Release|Any CPU.Build.0 = Release|Any CPU
	EndGlobalSection
	GlobalSection(SolutionProperties) = preSolution
		HideSolutionNode = FALSE
	EndGlobalSection
EndGlobal
