
Microsoft Visual Studio Solution File, Format Version 12.00
# Visual Studio 2013
VisualStudioVersion = 12.0.21005.1
MinimumVisualStudioVersion = 10.0.40219.1
Project("{E24C65DC-7377-472B-9ABA-BC803B73C61A}") = "OTC", "OTC\", "{6AF90BA7-D853-4779-825E-BB68754F6C24}"
	ProjectSection(WebsiteProperties) = preProject
		SccProjectName = ""
		SccAuxPath = ""
		SccLocalPath = ""
		SccProvider = ""
		TargetFrameworkMoniker = ".NETFramework,Version%3Dv4.0"
		Debug.AspNetCompiler.VirtualPath = "/OTC"
		Debug.AspNetCompiler.PhysicalPath = "OTC\"
		Debug.AspNetCompiler.TargetPath = "PrecompiledWeb\OTC\"
		Debug.AspNetCompiler.Updateable = "true"
		Debug.AspNetCompiler.ForceOverwrite = "true"
		Debug.AspNetCompiler.FixedNames = "false"
		Debug.AspNetCompiler.Debug = "True"
		Release.AspNetCompiler.VirtualPath = "/OTC"
		Release.AspNetCompiler.PhysicalPath = "OTC\"
		Release.AspNetCompiler.TargetPath = "PrecompiledWeb\OTC\"
		Release.AspNetCompiler.Updateable = "true"
		Release.AspNetCompiler.ForceOverwrite = "true"
		Release.AspNetCompiler.FixedNames = "false"
		Release.AspNetCompiler.Debug = "False"
		VWDPort = "1242"
		SlnRelativePath = "OTC\"
		DefaultWebSiteLanguage = "Visual C#"
	EndProjectSection
EndProject
Project("{E24C65DC-7377-472B-9ABA-BC803B73C61A}") = "CAD", "http://localhost:60131", "{2037A949-4D70-4FC2-9489-DC7BFDE77B58}"
	ProjectSection(WebsiteProperties) = preProject
		UseIISExpress = "true"
		TargetFrameworkMoniker = ".NETFramework,Version%3Dv4.0"
		Debug.AspNetCompiler.VirtualPath = "/localhost_60131"
		Debug.AspNetCompiler.PhysicalPath = "CAD\"
		Debug.AspNetCompiler.TargetPath = "PrecompiledWeb\localhost_60131\"
		Debug.AspNetCompiler.Updateable = "true"
		Debug.AspNetCompiler.ForceOverwrite = "true"
		Debug.AspNetCompiler.FixedNames = "false"
		Debug.AspNetCompiler.Debug = "True"
		Release.AspNetCompiler.VirtualPath = "/localhost_60131"
		Release.AspNetCompiler.PhysicalPath = "CAD\"
		Release.AspNetCompiler.TargetPath = "PrecompiledWeb\localhost_60131\"
		Release.AspNetCompiler.Updateable = "true"
		Release.AspNetCompiler.ForceOverwrite = "true"
		Release.AspNetCompiler.FixedNames = "false"
		Release.AspNetCompiler.Debug = "False"
		SlnRelativePath = "CAD\"
	EndProjectSection
EndProject
Project("{E24C65DC-7377-472B-9ABA-BC803B73C61A}") = "DEF(2)", "http://localhost:53334", "{CF3D7892-01BD-4D2B-B0E0-621B0E3C4812}"
	ProjectSection(WebsiteProperties) = preProject
		UseIISExpress = "true"
		TargetFrameworkMoniker = ".NETFramework,Version%3Dv4.0"
		Debug.AspNetCompiler.VirtualPath = "/localhost_53334"
		Debug.AspNetCompiler.PhysicalPath = "DEF\"
		Debug.AspNetCompiler.TargetPath = "PrecompiledWeb\localhost_53334\"
		Debug.AspNetCompiler.Updateable = "true"
		Debug.AspNetCompiler.ForceOverwrite = "true"
		Debug.AspNetCompiler.FixedNames = "false"
		Debug.AspNetCompiler.Debug = "True"
		Release.AspNetCompiler.VirtualPath = "/localhost_53334"
		Release.AspNetCompiler.PhysicalPath = "DEF\"
		Release.AspNetCompiler.TargetPath = "PrecompiledWeb\localhost_53334\"
		Release.AspNetCompiler.Updateable = "true"
		Release.AspNetCompiler.ForceOverwrite = "true"
		Release.AspNetCompiler.FixedNames = "false"
		Release.AspNetCompiler.Debug = "False"
		SlnRelativePath = "DEF\"
	EndProjectSection
EndProject
Global
	GlobalSection(SolutionConfigurationPlatforms) = preSolution
		Debug|Any CPU = Debug|Any CPU
	EndGlobalSection
	GlobalSection(ProjectConfigurationPlatforms) = postSolution
		{6AF90BA7-D853-4779-825E-BB68754F6C24}.Debug|Any CPU.ActiveCfg = Debug|Any CPU
		{6AF90BA7-D853-4779-825E-BB68754F6C24}.Debug|Any CPU.Build.0 = Debug|Any CPU
		{2037A949-4D70-4FC2-9489-DC7BFDE77B58}.Debug|Any CPU.ActiveCfg = Debug|Any CPU
		{2037A949-4D70-4FC2-9489-DC7BFDE77B58}.Debug|Any CPU.Build.0 = Debug|Any CPU
		{CF3D7892-01BD-4D2B-B0E0-621B0E3C4812}.Debug|Any CPU.ActiveCfg = Debug|Any CPU
		{CF3D7892-01BD-4D2B-B0E0-621B0E3C4812}.Debug|Any CPU.Build.0 = Debug|Any CPU
	EndGlobalSection
	GlobalSection(SolutionProperties) = preSolution
		HideSolutionNode = FALSE
	EndGlobalSection
EndGlobal
