
Microsoft Visual Studio Solution File, Format Version 12.00
# Visual Studio 2013
VisualStudioVersion = 12.0.21005.1
MinimumVisualStudioVersion = 10.0.40219.1
Project("{FAE04EC0-301F-11D3-BF4B-00C04F79EFBC}") = "PharmaSearchEngineBusinessLogicComponent", "PharmaSearchEngineBusinessLogicComponent\PharmaSearchEngineBusinessLogicComponent.csproj", "{796CE13D-4DC2-4CD7-B7FB-9D898F74DDAD}"
EndProject
Project("{FAE04EC0-301F-11D3-BF4B-00C04F79EFBC}") = "MedinetBusinessLogicComponent", "MedinetBusinessLogicComponent\MedinetBusinessLogicComponent.csproj", "{4A311712-B59B-49DE-A099-453B4CA150C0}"
EndProject
Project("{FAE04EC0-301F-11D3-BF4B-00C04F79EFBC}") = "PLMUsersBusinessLogicComponent", "PLMUsersBusinessLogicComponent\PLMUsersBusinessLogicComponent.csproj", "{455E2707-97F0-4008-B0F0-9EF18206F667}"
EndProject
Project("{FAE04EC0-301F-11D3-BF4B-00C04F79EFBC}") = "SyncDatabasesBusinessLogicComponent", "SyncDatabasesBusinessLogicComponent\SyncDatabasesBusinessLogicComponent.csproj", "{2DD21864-FEE3-4FC8-9FAC-ED8E44AEFA2D}"
EndProject
Project("{FAE04EC0-301F-11D3-BF4B-00C04F79EFBC}") = "CE_SyncDatabasesBusinessLogicComponent", "CE_SyncDatabasesBusinessLogicComponent\CE_SyncDatabasesBusinessLogicComponent.csproj", "{CF9F4FF8-E707-424F-B938-C0C0DC90A43E}"
EndProject
Project("{FAE04EC0-301F-11D3-BF4B-00C04F79EFBC}") = "GuiaBusinessLogicComponent", "GuiaBusinessLogicComponent\GuiaBusinessLogicComponent.csproj", "{FF170122-7374-4C49-9128-2369CAAE47C0}"
EndProject
Project("{FAE04EC0-301F-11D3-BF4B-00C04F79EFBC}") = "PLMClientsBusinessLogicComponent", "PLMClientsBusinessLogicComponent\PLMClientsBusinessLogicComponent.csproj", "{09651162-43B4-4AF8-91FE-7D0DDA0FCE84}"
EndProject
Project("{FAE04EC0-301F-11D3-BF4B-00C04F79EFBC}") = "PSELogsBusinessLogicComponent", "PSELogsBusinessLogicComponent\PSELogsBusinessLogicComponent.csproj", "{602113D1-2E24-4D31-AABD-8C6B59BD93AA}"
EndProject
Project("{FAE04EC0-301F-11D3-BF4B-00C04F79EFBC}") = "CE_PSELogsBusinessLogicComponent", "CE_PSELogsBusinessLogicComponent\CE_PSELogsBusinessLogicComponent.csproj", "{4E258BF2-0FFD-4B78-A444-09A51CC45898}"
EndProject
Project("{FAE04EC0-301F-11D3-BF4B-00C04F79EFBC}") = "CE_PharmaSearchEngineBusinessLogicComponent", "CE_PharmaSearchEngineBusinessLogicComponent\CE_PharmaSearchEngineBusinessLogicComponent.csproj", "{1FB67316-099E-42B4-BDEB-B4D4948148D7}"
EndProject
Project("{FAE04EC0-301F-11D3-BF4B-00C04F79EFBC}") = "CE_PLMClientsBusinessLogicComponent", "CE_PLMClientsBusinessLogicComponent\CE_PLMClientsBusinessLogicComponent.csproj", "{D344F343-9861-4255-97A0-E73EACF60338}"
EndProject
Project("{FAE04EC0-301F-11D3-BF4B-00C04F79EFBC}") = "OSMobilesBusinessLogicComponent", "OSMobilesBusinessLogicComponent\OSMobilesBusinessLogicComponent.csproj", "{0AFFD51D-A75A-43D5-A9CA-DE9DD8A0C126}"
EndProject
Project("{FAE04EC0-301F-11D3-BF4B-00C04F79EFBC}") = "PEVBusinessLogicComponent", "PEVBusinessLogicComponent\PEVBusinessLogicComponent.csproj", "{BE0B5E9E-1D77-4B86-82D5-DBB4D8821D05}"
EndProject
Project("{FAE04EC0-301F-11D3-BF4B-00C04F79EFBC}") = "DEACIBusinessLogicComponent", "DEACIBusinessLogicComponent\DEACIBusinessLogicComponent.csproj", "{A364E3AF-7C98-4960-9613-0CEFA9650C33}"
EndProject
Project("{FAE04EC0-301F-11D3-BF4B-00C04F79EFBC}") = "DEIABusinessLogicComponent", "DEIABusinessLogicComponent\DEIABusinessLogicComponent.csproj", "{30877149-A535-4D49-B19E-D338C2F08AD5}"
EndProject
Project("{FAE04EC0-301F-11D3-BF4B-00C04F79EFBC}") = "DEAQBusinessLogicComponent", "DEAQBusinessLogicComponent\DEAQBusinessLogicComponent.csproj", "{07A8CFCB-9F78-483A-B724-648703A98745}"
EndProject
Project("{FAE04EC0-301F-11D3-BF4B-00C04F79EFBC}") = "InfoLogsBusinessLogicComponent", "InfoLogsBusinessLogicComponent\InfoLogsBusinessLogicComponent.csproj", "{F33F5503-882F-465D-84A0-2EFF5454FDD4}"
EndProject
Project("{FAE04EC0-301F-11D3-BF4B-00C04F79EFBC}") = "HarvardContentBusinessLogicComponent", "HarvardContentBusinessLogicComponent\HarvardContentBusinessLogicComponent.csproj", "{A70C0EE6-D4E2-4ABC-A150-CE07CCD4E7A0}"
EndProject
Project("{FAE04EC0-301F-11D3-BF4B-00C04F79EFBC}") = "AgroBusinessLogicComponent", "AgroBusinessLogicComponent\AgroBusinessLogicComponent.csproj", "{5D74E4E7-5C29-476A-BBB9-392AB73EFAC5}"
EndProject
Project("{FAE04EC0-301F-11D3-BF4B-00C04F79EFBC}") = "PLMLogsBusinessLogicComponent", "PLMLogsBusinessLogicComponent\PLMLogsBusinessLogicComponent.csproj", "{AA6CEF49-F10B-443A-AFE8-60F8D18F884E}"
EndProject
Project("{FAE04EC0-301F-11D3-BF4B-00C04F79EFBC}") = "VetBusinessLogicComponenet", "VetBusinessLogicComponenet\VetBusinessLogicComponenet.csproj", "{0F1295D4-E202-4531-B483-1843B34CBFCE}"
EndProject
Project("{FAE04EC0-301F-11D3-BF4B-00C04F79EFBC}") = "AgroNetBusinessLogicalComponent", "AgroNetBusinessLogicalComponent\AgroNetBusinessLogicalComponent.csproj", "{BD15861A-E585-4A47-999F-6024D9FC7E6E}"
EndProject
Global
	GlobalSection(SolutionConfigurationPlatforms) = preSolution
		Debug|Any CPU = Debug|Any CPU
		Debug|Mixed Platforms = Debug|Mixed Platforms
		Debug|x86 = Debug|x86
		Release|Any CPU = Release|Any CPU
		Release|Mixed Platforms = Release|Mixed Platforms
		Release|x86 = Release|x86
	EndGlobalSection
	GlobalSection(ProjectConfigurationPlatforms) = postSolution
		{796CE13D-4DC2-4CD7-B7FB-9D898F74DDAD}.Debug|Any CPU.ActiveCfg = Debug|Any CPU
		{796CE13D-4DC2-4CD7-B7FB-9D898F74DDAD}.Debug|Any CPU.Build.0 = Debug|Any CPU
		{796CE13D-4DC2-4CD7-B7FB-9D898F74DDAD}.Debug|Mixed Platforms.ActiveCfg = Debug|Any CPU
		{796CE13D-4DC2-4CD7-B7FB-9D898F74DDAD}.Debug|Mixed Platforms.Build.0 = Debug|Any CPU
		{796CE13D-4DC2-4CD7-B7FB-9D898F74DDAD}.Debug|x86.ActiveCfg = Debug|Any CPU
		{796CE13D-4DC2-4CD7-B7FB-9D898F74DDAD}.Release|Any CPU.ActiveCfg = Release|Any CPU
		{796CE13D-4DC2-4CD7-B7FB-9D898F74DDAD}.Release|Any CPU.Build.0 = Release|Any CPU
		{796CE13D-4DC2-4CD7-B7FB-9D898F74DDAD}.Release|Mixed Platforms.ActiveCfg = Release|Any CPU
		{796CE13D-4DC2-4CD7-B7FB-9D898F74DDAD}.Release|Mixed Platforms.Build.0 = Release|Any CPU
		{796CE13D-4DC2-4CD7-B7FB-9D898F74DDAD}.Release|x86.ActiveCfg = Release|Any CPU
		{4A311712-B59B-49DE-A099-453B4CA150C0}.Debug|Any CPU.ActiveCfg = Debug|Any CPU
		{4A311712-B59B-49DE-A099-453B4CA150C0}.Debug|Any CPU.Build.0 = Debug|Any CPU
		{4A311712-B59B-49DE-A099-453B4CA150C0}.Debug|Mixed Platforms.ActiveCfg = Debug|Any CPU
		{4A311712-B59B-49DE-A099-453B4CA150C0}.Debug|Mixed Platforms.Build.0 = Debug|Any CPU
		{4A311712-B59B-49DE-A099-453B4CA150C0}.Debug|x86.ActiveCfg = Debug|Any CPU
		{4A311712-B59B-49DE-A099-453B4CA150C0}.Release|Any CPU.ActiveCfg = Release|Any CPU
		{4A311712-B59B-49DE-A099-453B4CA150C0}.Release|Any CPU.Build.0 = Release|Any CPU
		{4A311712-B59B-49DE-A099-453B4CA150C0}.Release|Mixed Platforms.ActiveCfg = Release|Any CPU
		{4A311712-B59B-49DE-A099-453B4CA150C0}.Release|Mixed Platforms.Build.0 = Release|Any CPU
		{4A311712-B59B-49DE-A099-453B4CA150C0}.Release|x86.ActiveCfg = Release|Any CPU
		{455E2707-97F0-4008-B0F0-9EF18206F667}.Debug|Any CPU.ActiveCfg = Debug|Any CPU
		{455E2707-97F0-4008-B0F0-9EF18206F667}.Debug|Any CPU.Build.0 = Debug|Any CPU
		{455E2707-97F0-4008-B0F0-9EF18206F667}.Debug|Mixed Platforms.ActiveCfg = Debug|Any CPU
		{455E2707-97F0-4008-B0F0-9EF18206F667}.Debug|Mixed Platforms.Build.0 = Debug|Any CPU
		{455E2707-97F0-4008-B0F0-9EF18206F667}.Debug|x86.ActiveCfg = Debug|Any CPU
		{455E2707-97F0-4008-B0F0-9EF18206F667}.Release|Any CPU.ActiveCfg = Release|Any CPU
		{455E2707-97F0-4008-B0F0-9EF18206F667}.Release|Any CPU.Build.0 = Release|Any CPU
		{455E2707-97F0-4008-B0F0-9EF18206F667}.Release|Mixed Platforms.ActiveCfg = Release|Any CPU
		{455E2707-97F0-4008-B0F0-9EF18206F667}.Release|Mixed Platforms.Build.0 = Release|Any CPU
		{455E2707-97F0-4008-B0F0-9EF18206F667}.Release|x86.ActiveCfg = Release|Any CPU
		{2DD21864-FEE3-4FC8-9FAC-ED8E44AEFA2D}.Debug|Any CPU.ActiveCfg = Debug|Any CPU
		{2DD21864-FEE3-4FC8-9FAC-ED8E44AEFA2D}.Debug|Any CPU.Build.0 = Debug|Any CPU
		{2DD21864-FEE3-4FC8-9FAC-ED8E44AEFA2D}.Debug|Mixed Platforms.ActiveCfg = Debug|Any CPU
		{2DD21864-FEE3-4FC8-9FAC-ED8E44AEFA2D}.Debug|Mixed Platforms.Build.0 = Debug|Any CPU
		{2DD21864-FEE3-4FC8-9FAC-ED8E44AEFA2D}.Debug|x86.ActiveCfg = Debug|Any CPU
		{2DD21864-FEE3-4FC8-9FAC-ED8E44AEFA2D}.Release|Any CPU.ActiveCfg = Release|Any CPU
		{2DD21864-FEE3-4FC8-9FAC-ED8E44AEFA2D}.Release|Any CPU.Build.0 = Release|Any CPU
		{2DD21864-FEE3-4FC8-9FAC-ED8E44AEFA2D}.Release|Mixed Platforms.ActiveCfg = Release|Any CPU
		{2DD21864-FEE3-4FC8-9FAC-ED8E44AEFA2D}.Release|Mixed Platforms.Build.0 = Release|Any CPU
		{2DD21864-FEE3-4FC8-9FAC-ED8E44AEFA2D}.Release|x86.ActiveCfg = Release|Any CPU
		{CF9F4FF8-E707-424F-B938-C0C0DC90A43E}.Debug|Any CPU.ActiveCfg = Debug|Any CPU
		{CF9F4FF8-E707-424F-B938-C0C0DC90A43E}.Debug|Any CPU.Build.0 = Debug|Any CPU
		{CF9F4FF8-E707-424F-B938-C0C0DC90A43E}.Debug|Mixed Platforms.ActiveCfg = Debug|Any CPU
		{CF9F4FF8-E707-424F-B938-C0C0DC90A43E}.Debug|Mixed Platforms.Build.0 = Debug|Any CPU
		{CF9F4FF8-E707-424F-B938-C0C0DC90A43E}.Debug|x86.ActiveCfg = Debug|Any CPU
		{CF9F4FF8-E707-424F-B938-C0C0DC90A43E}.Release|Any CPU.ActiveCfg = Release|Any CPU
		{CF9F4FF8-E707-424F-B938-C0C0DC90A43E}.Release|Any CPU.Build.0 = Release|Any CPU
		{CF9F4FF8-E707-424F-B938-C0C0DC90A43E}.Release|Mixed Platforms.ActiveCfg = Release|Any CPU
		{CF9F4FF8-E707-424F-B938-C0C0DC90A43E}.Release|Mixed Platforms.Build.0 = Release|Any CPU
		{CF9F4FF8-E707-424F-B938-C0C0DC90A43E}.Release|x86.ActiveCfg = Release|Any CPU
		{FF170122-7374-4C49-9128-2369CAAE47C0}.Debug|Any CPU.ActiveCfg = Debug|Any CPU
		{FF170122-7374-4C49-9128-2369CAAE47C0}.Debug|Any CPU.Build.0 = Debug|Any CPU
		{FF170122-7374-4C49-9128-2369CAAE47C0}.Debug|Mixed Platforms.ActiveCfg = Debug|Any CPU
		{FF170122-7374-4C49-9128-2369CAAE47C0}.Debug|Mixed Platforms.Build.0 = Debug|Any CPU
		{FF170122-7374-4C49-9128-2369CAAE47C0}.Debug|x86.ActiveCfg = Debug|Any CPU
		{FF170122-7374-4C49-9128-2369CAAE47C0}.Release|Any CPU.ActiveCfg = Release|Any CPU
		{FF170122-7374-4C49-9128-2369CAAE47C0}.Release|Any CPU.Build.0 = Release|Any CPU
		{FF170122-7374-4C49-9128-2369CAAE47C0}.Release|Mixed Platforms.ActiveCfg = Release|Any CPU
		{FF170122-7374-4C49-9128-2369CAAE47C0}.Release|Mixed Platforms.Build.0 = Release|Any CPU
		{FF170122-7374-4C49-9128-2369CAAE47C0}.Release|x86.ActiveCfg = Release|Any CPU
		{09651162-43B4-4AF8-91FE-7D0DDA0FCE84}.Debug|Any CPU.ActiveCfg = Debug|Any CPU
		{09651162-43B4-4AF8-91FE-7D0DDA0FCE84}.Debug|Any CPU.Build.0 = Debug|Any CPU
		{09651162-43B4-4AF8-91FE-7D0DDA0FCE84}.Debug|Mixed Platforms.ActiveCfg = Debug|Any CPU
		{09651162-43B4-4AF8-91FE-7D0DDA0FCE84}.Debug|Mixed Platforms.Build.0 = Debug|Any CPU
		{09651162-43B4-4AF8-91FE-7D0DDA0FCE84}.Debug|x86.ActiveCfg = Debug|Any CPU
		{09651162-43B4-4AF8-91FE-7D0DDA0FCE84}.Release|Any CPU.ActiveCfg = Release|Any CPU
		{09651162-43B4-4AF8-91FE-7D0DDA0FCE84}.Release|Any CPU.Build.0 = Release|Any CPU
		{09651162-43B4-4AF8-91FE-7D0DDA0FCE84}.Release|Mixed Platforms.ActiveCfg = Release|Any CPU
		{09651162-43B4-4AF8-91FE-7D0DDA0FCE84}.Release|Mixed Platforms.Build.0 = Release|Any CPU
		{09651162-43B4-4AF8-91FE-7D0DDA0FCE84}.Release|x86.ActiveCfg = Release|Any CPU
		{602113D1-2E24-4D31-AABD-8C6B59BD93AA}.Debug|Any CPU.ActiveCfg = Debug|Any CPU
		{602113D1-2E24-4D31-AABD-8C6B59BD93AA}.Debug|Any CPU.Build.0 = Debug|Any CPU
		{602113D1-2E24-4D31-AABD-8C6B59BD93AA}.Debug|Mixed Platforms.ActiveCfg = Debug|Any CPU
		{602113D1-2E24-4D31-AABD-8C6B59BD93AA}.Debug|Mixed Platforms.Build.0 = Debug|Any CPU
		{602113D1-2E24-4D31-AABD-8C6B59BD93AA}.Debug|x86.ActiveCfg = Debug|Any CPU
		{602113D1-2E24-4D31-AABD-8C6B59BD93AA}.Release|Any CPU.ActiveCfg = Release|Any CPU
		{602113D1-2E24-4D31-AABD-8C6B59BD93AA}.Release|Any CPU.Build.0 = Release|Any CPU
		{602113D1-2E24-4D31-AABD-8C6B59BD93AA}.Release|Mixed Platforms.ActiveCfg = Release|Any CPU
		{602113D1-2E24-4D31-AABD-8C6B59BD93AA}.Release|Mixed Platforms.Build.0 = Release|Any CPU
		{602113D1-2E24-4D31-AABD-8C6B59BD93AA}.Release|x86.ActiveCfg = Release|Any CPU
		{4E258BF2-0FFD-4B78-A444-09A51CC45898}.Debug|Any CPU.ActiveCfg = Debug|Any CPU
		{4E258BF2-0FFD-4B78-A444-09A51CC45898}.Debug|Any CPU.Build.0 = Debug|Any CPU
		{4E258BF2-0FFD-4B78-A444-09A51CC45898}.Debug|Mixed Platforms.ActiveCfg = Debug|Any CPU
		{4E258BF2-0FFD-4B78-A444-09A51CC45898}.Debug|Mixed Platforms.Build.0 = Debug|Any CPU
		{4E258BF2-0FFD-4B78-A444-09A51CC45898}.Debug|x86.ActiveCfg = Debug|Any CPU
		{4E258BF2-0FFD-4B78-A444-09A51CC45898}.Release|Any CPU.ActiveCfg = Release|Any CPU
		{4E258BF2-0FFD-4B78-A444-09A51CC45898}.Release|Any CPU.Build.0 = Release|Any CPU
		{4E258BF2-0FFD-4B78-A444-09A51CC45898}.Release|Mixed Platforms.ActiveCfg = Release|Any CPU
		{4E258BF2-0FFD-4B78-A444-09A51CC45898}.Release|Mixed Platforms.Build.0 = Release|Any CPU
		{4E258BF2-0FFD-4B78-A444-09A51CC45898}.Release|x86.ActiveCfg = Release|Any CPU
		{1FB67316-099E-42B4-BDEB-B4D4948148D7}.Debug|Any CPU.ActiveCfg = Debug|Any CPU
		{1FB67316-099E-42B4-BDEB-B4D4948148D7}.Debug|Any CPU.Build.0 = Debug|Any CPU
		{1FB67316-099E-42B4-BDEB-B4D4948148D7}.Debug|Mixed Platforms.ActiveCfg = Debug|Any CPU
		{1FB67316-099E-42B4-BDEB-B4D4948148D7}.Debug|Mixed Platforms.Build.0 = Debug|Any CPU
		{1FB67316-099E-42B4-BDEB-B4D4948148D7}.Debug|x86.ActiveCfg = Debug|Any CPU
		{1FB67316-099E-42B4-BDEB-B4D4948148D7}.Release|Any CPU.ActiveCfg = Release|Any CPU
		{1FB67316-099E-42B4-BDEB-B4D4948148D7}.Release|Any CPU.Build.0 = Release|Any CPU
		{1FB67316-099E-42B4-BDEB-B4D4948148D7}.Release|Mixed Platforms.ActiveCfg = Release|Any CPU
		{1FB67316-099E-42B4-BDEB-B4D4948148D7}.Release|Mixed Platforms.Build.0 = Release|Any CPU
		{1FB67316-099E-42B4-BDEB-B4D4948148D7}.Release|x86.ActiveCfg = Release|Any CPU
		{D344F343-9861-4255-97A0-E73EACF60338}.Debug|Any CPU.ActiveCfg = Debug|Any CPU
		{D344F343-9861-4255-97A0-E73EACF60338}.Debug|Any CPU.Build.0 = Debug|Any CPU
		{D344F343-9861-4255-97A0-E73EACF60338}.Debug|Mixed Platforms.ActiveCfg = Debug|Any CPU
		{D344F343-9861-4255-97A0-E73EACF60338}.Debug|Mixed Platforms.Build.0 = Debug|Any CPU
		{D344F343-9861-4255-97A0-E73EACF60338}.Debug|x86.ActiveCfg = Debug|Any CPU
		{D344F343-9861-4255-97A0-E73EACF60338}.Release|Any CPU.ActiveCfg = Release|Any CPU
		{D344F343-9861-4255-97A0-E73EACF60338}.Release|Any CPU.Build.0 = Release|Any CPU
		{D344F343-9861-4255-97A0-E73EACF60338}.Release|Mixed Platforms.ActiveCfg = Release|Any CPU
		{D344F343-9861-4255-97A0-E73EACF60338}.Release|Mixed Platforms.Build.0 = Release|Any CPU
		{D344F343-9861-4255-97A0-E73EACF60338}.Release|x86.ActiveCfg = Release|Any CPU
		{0AFFD51D-A75A-43D5-A9CA-DE9DD8A0C126}.Debug|Any CPU.ActiveCfg = Debug|Any CPU
		{0AFFD51D-A75A-43D5-A9CA-DE9DD8A0C126}.Debug|Any CPU.Build.0 = Debug|Any CPU
		{0AFFD51D-A75A-43D5-A9CA-DE9DD8A0C126}.Debug|Mixed Platforms.ActiveCfg = Debug|Any CPU
		{0AFFD51D-A75A-43D5-A9CA-DE9DD8A0C126}.Debug|Mixed Platforms.Build.0 = Debug|Any CPU
		{0AFFD51D-A75A-43D5-A9CA-DE9DD8A0C126}.Debug|x86.ActiveCfg = Debug|Any CPU
		{0AFFD51D-A75A-43D5-A9CA-DE9DD8A0C126}.Release|Any CPU.ActiveCfg = Release|Any CPU
		{0AFFD51D-A75A-43D5-A9CA-DE9DD8A0C126}.Release|Any CPU.Build.0 = Release|Any CPU
		{0AFFD51D-A75A-43D5-A9CA-DE9DD8A0C126}.Release|Mixed Platforms.ActiveCfg = Release|Any CPU
		{0AFFD51D-A75A-43D5-A9CA-DE9DD8A0C126}.Release|Mixed Platforms.Build.0 = Release|Any CPU
		{0AFFD51D-A75A-43D5-A9CA-DE9DD8A0C126}.Release|x86.ActiveCfg = Release|Any CPU
		{BE0B5E9E-1D77-4B86-82D5-DBB4D8821D05}.Debug|Any CPU.ActiveCfg = Debug|Any CPU
		{BE0B5E9E-1D77-4B86-82D5-DBB4D8821D05}.Debug|Any CPU.Build.0 = Debug|Any CPU
		{BE0B5E9E-1D77-4B86-82D5-DBB4D8821D05}.Debug|Mixed Platforms.ActiveCfg = Debug|Any CPU
		{BE0B5E9E-1D77-4B86-82D5-DBB4D8821D05}.Debug|Mixed Platforms.Build.0 = Debug|Any CPU
		{BE0B5E9E-1D77-4B86-82D5-DBB4D8821D05}.Debug|x86.ActiveCfg = Debug|Any CPU
		{BE0B5E9E-1D77-4B86-82D5-DBB4D8821D05}.Release|Any CPU.ActiveCfg = Release|Any CPU
		{BE0B5E9E-1D77-4B86-82D5-DBB4D8821D05}.Release|Any CPU.Build.0 = Release|Any CPU
		{BE0B5E9E-1D77-4B86-82D5-DBB4D8821D05}.Release|Mixed Platforms.ActiveCfg = Release|Any CPU
		{BE0B5E9E-1D77-4B86-82D5-DBB4D8821D05}.Release|Mixed Platforms.Build.0 = Release|Any CPU
		{BE0B5E9E-1D77-4B86-82D5-DBB4D8821D05}.Release|x86.ActiveCfg = Release|Any CPU
		{A364E3AF-7C98-4960-9613-0CEFA9650C33}.Debug|Any CPU.ActiveCfg = Debug|Any CPU
		{A364E3AF-7C98-4960-9613-0CEFA9650C33}.Debug|Any CPU.Build.0 = Debug|Any CPU
		{A364E3AF-7C98-4960-9613-0CEFA9650C33}.Debug|Mixed Platforms.ActiveCfg = Debug|Any CPU
		{A364E3AF-7C98-4960-9613-0CEFA9650C33}.Debug|Mixed Platforms.Build.0 = Debug|Any CPU
		{A364E3AF-7C98-4960-9613-0CEFA9650C33}.Debug|x86.ActiveCfg = Debug|Any CPU
		{A364E3AF-7C98-4960-9613-0CEFA9650C33}.Release|Any CPU.ActiveCfg = Release|Any CPU
		{A364E3AF-7C98-4960-9613-0CEFA9650C33}.Release|Any CPU.Build.0 = Release|Any CPU
		{A364E3AF-7C98-4960-9613-0CEFA9650C33}.Release|Mixed Platforms.ActiveCfg = Release|Any CPU
		{A364E3AF-7C98-4960-9613-0CEFA9650C33}.Release|Mixed Platforms.Build.0 = Release|Any CPU
		{A364E3AF-7C98-4960-9613-0CEFA9650C33}.Release|x86.ActiveCfg = Release|Any CPU
		{30877149-A535-4D49-B19E-D338C2F08AD5}.Debug|Any CPU.ActiveCfg = Debug|Any CPU
		{30877149-A535-4D49-B19E-D338C2F08AD5}.Debug|Any CPU.Build.0 = Debug|Any CPU
		{30877149-A535-4D49-B19E-D338C2F08AD5}.Debug|Mixed Platforms.ActiveCfg = Debug|Any CPU
		{30877149-A535-4D49-B19E-D338C2F08AD5}.Debug|Mixed Platforms.Build.0 = Debug|Any CPU
		{30877149-A535-4D49-B19E-D338C2F08AD5}.Debug|x86.ActiveCfg = Debug|Any CPU
		{30877149-A535-4D49-B19E-D338C2F08AD5}.Release|Any CPU.ActiveCfg = Release|Any CPU
		{30877149-A535-4D49-B19E-D338C2F08AD5}.Release|Any CPU.Build.0 = Release|Any CPU
		{30877149-A535-4D49-B19E-D338C2F08AD5}.Release|Mixed Platforms.ActiveCfg = Release|Any CPU
		{30877149-A535-4D49-B19E-D338C2F08AD5}.Release|Mixed Platforms.Build.0 = Release|Any CPU
		{30877149-A535-4D49-B19E-D338C2F08AD5}.Release|x86.ActiveCfg = Release|Any CPU
		{07A8CFCB-9F78-483A-B724-648703A98745}.Debug|Any CPU.ActiveCfg = Debug|Any CPU
		{07A8CFCB-9F78-483A-B724-648703A98745}.Debug|Any CPU.Build.0 = Debug|Any CPU
		{07A8CFCB-9F78-483A-B724-648703A98745}.Debug|Mixed Platforms.ActiveCfg = Debug|Any CPU
		{07A8CFCB-9F78-483A-B724-648703A98745}.Debug|Mixed Platforms.Build.0 = Debug|Any CPU
		{07A8CFCB-9F78-483A-B724-648703A98745}.Debug|x86.ActiveCfg = Debug|Any CPU
		{07A8CFCB-9F78-483A-B724-648703A98745}.Release|Any CPU.ActiveCfg = Release|Any CPU
		{07A8CFCB-9F78-483A-B724-648703A98745}.Release|Any CPU.Build.0 = Release|Any CPU
		{07A8CFCB-9F78-483A-B724-648703A98745}.Release|Mixed Platforms.ActiveCfg = Release|Any CPU
		{07A8CFCB-9F78-483A-B724-648703A98745}.Release|Mixed Platforms.Build.0 = Release|Any CPU
		{07A8CFCB-9F78-483A-B724-648703A98745}.Release|x86.ActiveCfg = Release|Any CPU
		{F33F5503-882F-465D-84A0-2EFF5454FDD4}.Debug|Any CPU.ActiveCfg = Debug|Any CPU
		{F33F5503-882F-465D-84A0-2EFF5454FDD4}.Debug|Any CPU.Build.0 = Debug|Any CPU
		{F33F5503-882F-465D-84A0-2EFF5454FDD4}.Debug|Mixed Platforms.ActiveCfg = Debug|Any CPU
		{F33F5503-882F-465D-84A0-2EFF5454FDD4}.Debug|Mixed Platforms.Build.0 = Debug|Any CPU
		{F33F5503-882F-465D-84A0-2EFF5454FDD4}.Debug|x86.ActiveCfg = Debug|Any CPU
		{F33F5503-882F-465D-84A0-2EFF5454FDD4}.Release|Any CPU.ActiveCfg = Release|Any CPU
		{F33F5503-882F-465D-84A0-2EFF5454FDD4}.Release|Any CPU.Build.0 = Release|Any CPU
		{F33F5503-882F-465D-84A0-2EFF5454FDD4}.Release|Mixed Platforms.ActiveCfg = Release|Any CPU
		{F33F5503-882F-465D-84A0-2EFF5454FDD4}.Release|Mixed Platforms.Build.0 = Release|Any CPU
		{F33F5503-882F-465D-84A0-2EFF5454FDD4}.Release|x86.ActiveCfg = Release|Any CPU
		{A70C0EE6-D4E2-4ABC-A150-CE07CCD4E7A0}.Debug|Any CPU.ActiveCfg = Debug|Any CPU
		{A70C0EE6-D4E2-4ABC-A150-CE07CCD4E7A0}.Debug|Any CPU.Build.0 = Debug|Any CPU
		{A70C0EE6-D4E2-4ABC-A150-CE07CCD4E7A0}.Debug|Mixed Platforms.ActiveCfg = Debug|Any CPU
		{A70C0EE6-D4E2-4ABC-A150-CE07CCD4E7A0}.Debug|Mixed Platforms.Build.0 = Debug|Any CPU
		{A70C0EE6-D4E2-4ABC-A150-CE07CCD4E7A0}.Debug|x86.ActiveCfg = Debug|Any CPU
		{A70C0EE6-D4E2-4ABC-A150-CE07CCD4E7A0}.Release|Any CPU.ActiveCfg = Release|Any CPU
		{A70C0EE6-D4E2-4ABC-A150-CE07CCD4E7A0}.Release|Any CPU.Build.0 = Release|Any CPU
		{A70C0EE6-D4E2-4ABC-A150-CE07CCD4E7A0}.Release|Mixed Platforms.ActiveCfg = Release|Any CPU
		{A70C0EE6-D4E2-4ABC-A150-CE07CCD4E7A0}.Release|Mixed Platforms.Build.0 = Release|Any CPU
		{A70C0EE6-D4E2-4ABC-A150-CE07CCD4E7A0}.Release|x86.ActiveCfg = Release|Any CPU
		{5D74E4E7-5C29-476A-BBB9-392AB73EFAC5}.Debug|Any CPU.ActiveCfg = Debug|Any CPU
		{5D74E4E7-5C29-476A-BBB9-392AB73EFAC5}.Debug|Any CPU.Build.0 = Debug|Any CPU
		{5D74E4E7-5C29-476A-BBB9-392AB73EFAC5}.Debug|Mixed Platforms.ActiveCfg = Debug|Any CPU
		{5D74E4E7-5C29-476A-BBB9-392AB73EFAC5}.Debug|Mixed Platforms.Build.0 = Debug|Any CPU
		{5D74E4E7-5C29-476A-BBB9-392AB73EFAC5}.Debug|x86.ActiveCfg = Debug|Any CPU
		{5D74E4E7-5C29-476A-BBB9-392AB73EFAC5}.Release|Any CPU.ActiveCfg = Release|Any CPU
		{5D74E4E7-5C29-476A-BBB9-392AB73EFAC5}.Release|Any CPU.Build.0 = Release|Any CPU
		{5D74E4E7-5C29-476A-BBB9-392AB73EFAC5}.Release|Mixed Platforms.ActiveCfg = Release|Any CPU
		{5D74E4E7-5C29-476A-BBB9-392AB73EFAC5}.Release|Mixed Platforms.Build.0 = Release|Any CPU
		{5D74E4E7-5C29-476A-BBB9-392AB73EFAC5}.Release|x86.ActiveCfg = Release|Any CPU
		{AA6CEF49-F10B-443A-AFE8-60F8D18F884E}.Debug|Any CPU.ActiveCfg = Debug|Any CPU
		{AA6CEF49-F10B-443A-AFE8-60F8D18F884E}.Debug|Any CPU.Build.0 = Debug|Any CPU
		{AA6CEF49-F10B-443A-AFE8-60F8D18F884E}.Debug|Mixed Platforms.ActiveCfg = Debug|Any CPU
		{AA6CEF49-F10B-443A-AFE8-60F8D18F884E}.Debug|Mixed Platforms.Build.0 = Debug|Any CPU
		{AA6CEF49-F10B-443A-AFE8-60F8D18F884E}.Debug|x86.ActiveCfg = Debug|Any CPU
		{AA6CEF49-F10B-443A-AFE8-60F8D18F884E}.Release|Any CPU.ActiveCfg = Release|Any CPU
		{AA6CEF49-F10B-443A-AFE8-60F8D18F884E}.Release|Any CPU.Build.0 = Release|Any CPU
		{AA6CEF49-F10B-443A-AFE8-60F8D18F884E}.Release|Mixed Platforms.ActiveCfg = Release|Any CPU
		{AA6CEF49-F10B-443A-AFE8-60F8D18F884E}.Release|Mixed Platforms.Build.0 = Release|Any CPU
		{AA6CEF49-F10B-443A-AFE8-60F8D18F884E}.Release|x86.ActiveCfg = Release|Any CPU
		{0F1295D4-E202-4531-B483-1843B34CBFCE}.Debug|Any CPU.ActiveCfg = Debug|x86
		{0F1295D4-E202-4531-B483-1843B34CBFCE}.Debug|Mixed Platforms.ActiveCfg = Debug|x86
		{0F1295D4-E202-4531-B483-1843B34CBFCE}.Debug|Mixed Platforms.Build.0 = Debug|x86
		{0F1295D4-E202-4531-B483-1843B34CBFCE}.Debug|x86.ActiveCfg = Debug|x86
		{0F1295D4-E202-4531-B483-1843B34CBFCE}.Debug|x86.Build.0 = Debug|x86
		{0F1295D4-E202-4531-B483-1843B34CBFCE}.Release|Any CPU.ActiveCfg = Release|x86
		{0F1295D4-E202-4531-B483-1843B34CBFCE}.Release|Mixed Platforms.ActiveCfg = Release|x86
		{0F1295D4-E202-4531-B483-1843B34CBFCE}.Release|Mixed Platforms.Build.0 = Release|x86
		{0F1295D4-E202-4531-B483-1843B34CBFCE}.Release|x86.ActiveCfg = Release|x86
		{0F1295D4-E202-4531-B483-1843B34CBFCE}.Release|x86.Build.0 = Release|x86
		{BD15861A-E585-4A47-999F-6024D9FC7E6E}.Debug|Any CPU.ActiveCfg = Debug|Any CPU
		{BD15861A-E585-4A47-999F-6024D9FC7E6E}.Debug|Any CPU.Build.0 = Debug|Any CPU
		{BD15861A-E585-4A47-999F-6024D9FC7E6E}.Debug|Mixed Platforms.ActiveCfg = Debug|Any CPU
		{BD15861A-E585-4A47-999F-6024D9FC7E6E}.Debug|Mixed Platforms.Build.0 = Debug|Any CPU
		{BD15861A-E585-4A47-999F-6024D9FC7E6E}.Debug|x86.ActiveCfg = Debug|Any CPU
		{BD15861A-E585-4A47-999F-6024D9FC7E6E}.Release|Any CPU.ActiveCfg = Release|Any CPU
		{BD15861A-E585-4A47-999F-6024D9FC7E6E}.Release|Any CPU.Build.0 = Release|Any CPU
		{BD15861A-E585-4A47-999F-6024D9FC7E6E}.Release|Mixed Platforms.ActiveCfg = Release|Any CPU
		{BD15861A-E585-4A47-999F-6024D9FC7E6E}.Release|Mixed Platforms.Build.0 = Release|Any CPU
		{BD15861A-E585-4A47-999F-6024D9FC7E6E}.Release|x86.ActiveCfg = Release|Any CPU
	EndGlobalSection
	GlobalSection(SolutionProperties) = preSolution
		HideSolutionNode = FALSE
	EndGlobalSection
EndGlobal
